// !$*UTF8*$!
{
	archiveVersion = 1;
	classes = {
	};
	objectVersion = 51;
	objects = {

/* Begin PBXBuildFile section */
		18082B6B263EE6BF00A80C7B /* SideMenuData.swift in Sources */ = {isa = PBXBuildFile; fileRef = 18082B6A263EE6BF00A80C7B /* SideMenuData.swift */; };
		184EEF1026383EDD00C7BAE5 /* tabBarRouter.swift in Sources */ = {isa = PBXBuildFile; fileRef = 184EEF0F26383EDD00C7BAE5 /* tabBarRouter.swift */; };
		184EEF1326383F4B00C7BAE5 /* tabBarProtocols.swift in Sources */ = {isa = PBXBuildFile; fileRef = 184EEF1226383F4B00C7BAE5 /* tabBarProtocols.swift */; };
		184EEF1626383F5500C7BAE5 /* tabBarPresenter.swift in Sources */ = {isa = PBXBuildFile; fileRef = 184EEF1526383F5500C7BAE5 /* tabBarPresenter.swift */; };
		184EEF19263847A400C7BAE5 /* uiviewExtension.swift in Sources */ = {isa = PBXBuildFile; fileRef = 184EEF18263847A400C7BAE5 /* uiviewExtension.swift */; };
		1885C743263960EF0043E47A /* ResturantView.storyboard in Resources */ = {isa = PBXBuildFile; fileRef = 1885C742263960EF0043E47A /* ResturantView.storyboard */; };
		1885C746263960FC0043E47A /* ResturantViewController.swift in Sources */ = {isa = PBXBuildFile; fileRef = 1885C745263960FC0043E47A /* ResturantViewController.swift */; };
		1885C74A263961110043E47A /* ResturantViewEXtension.swift in Sources */ = {isa = PBXBuildFile; fileRef = 1885C749263961110043E47A /* ResturantViewEXtension.swift */; };
		1885C74E263961200043E47A /* ResturantProtocols.swift in Sources */ = {isa = PBXBuildFile; fileRef = 1885C74D263961200043E47A /* ResturantProtocols.swift */; };
		1885C7512639612F0043E47A /* ResturantPresenter.swift in Sources */ = {isa = PBXBuildFile; fileRef = 1885C7502639612F0043E47A /* ResturantPresenter.swift */; };
		1885C754263961440043E47A /* ResturantEndpont.swift in Sources */ = {isa = PBXBuildFile; fileRef = 1885C753263961440043E47A /* ResturantEndpont.swift */; };
		1885C757263961590043E47A /* ResturantInteractor.swift in Sources */ = {isa = PBXBuildFile; fileRef = 1885C756263961590043E47A /* ResturantInteractor.swift */; };
		1885C75A263961660043E47A /* ResturantModel.swift in Sources */ = {isa = PBXBuildFile; fileRef = 1885C759263961660043E47A /* ResturantModel.swift */; };
		1885C75D263961700043E47A /* ResturantRouter.swift in Sources */ = {isa = PBXBuildFile; fileRef = 1885C75C263961700043E47A /* ResturantRouter.swift */; };
		1885C768263962310043E47A /* BookingProtocols.swift in Sources */ = {isa = PBXBuildFile; fileRef = 1885C767263962310043E47A /* BookingProtocols.swift */; };
		1885C76C2639623E0043E47A /* BookingPresenter.swift in Sources */ = {isa = PBXBuildFile; fileRef = 1885C76B2639623E0043E47A /* BookingPresenter.swift */; };
		1885C76F263962470043E47A /* BookingModel.swift in Sources */ = {isa = PBXBuildFile; fileRef = 1885C76E263962470043E47A /* BookingModel.swift */; };
		1885C772263962560043E47A /* BookingEndpoint.swift in Sources */ = {isa = PBXBuildFile; fileRef = 1885C771263962560043E47A /* BookingEndpoint.swift */; };
		1885C775263962660043E47A /* BookingInteractor.swift in Sources */ = {isa = PBXBuildFile; fileRef = 1885C774263962660043E47A /* BookingInteractor.swift */; };
		1885C778263962720043E47A /* BookingRouter.swift in Sources */ = {isa = PBXBuildFile; fileRef = 1885C777263962720043E47A /* BookingRouter.swift */; };
		1885C77B263962890043E47A /* BookingViewExtension.swift in Sources */ = {isa = PBXBuildFile; fileRef = 1885C77A263962890043E47A /* BookingViewExtension.swift */; };
		1885C77E263962950043E47A /* BookingViewController.swift in Sources */ = {isa = PBXBuildFile; fileRef = 1885C77D263962950043E47A /* BookingViewController.swift */; };
		1885C781263962A20043E47A /* BookingView.storyboard in Resources */ = {isa = PBXBuildFile; fileRef = 1885C780263962A20043E47A /* BookingView.storyboard */; };
		1885C78C2639630E0043E47A /* HotelsView.storyboard in Resources */ = {isa = PBXBuildFile; fileRef = 1885C78B2639630E0043E47A /* HotelsView.storyboard */; };
		1885C78F2639631B0043E47A /* HotelsViewController.swift in Sources */ = {isa = PBXBuildFile; fileRef = 1885C78E2639631B0043E47A /* HotelsViewController.swift */; };
		1885C792263963310043E47A /* HotelsViewExtension.swift in Sources */ = {isa = PBXBuildFile; fileRef = 1885C791263963310043E47A /* HotelsViewExtension.swift */; };
		1885C7952639633D0043E47A /* HotelsProtocols.swift in Sources */ = {isa = PBXBuildFile; fileRef = 1885C7942639633D0043E47A /* HotelsProtocols.swift */; };
		1885C798263963480043E47A /* HotelsPresenter.swift in Sources */ = {isa = PBXBuildFile; fileRef = 1885C797263963480043E47A /* HotelsPresenter.swift */; };
		1885C79B263963580043E47A /* HotelsEndpoint.swift in Sources */ = {isa = PBXBuildFile; fileRef = 1885C79A263963580043E47A /* HotelsEndpoint.swift */; };
		1885C79E263963650043E47A /* HotelsInteractor.swift in Sources */ = {isa = PBXBuildFile; fileRef = 1885C79D263963650043E47A /* HotelsInteractor.swift */; };
		1885C7A1263963710043E47A /* HotelsModel.swift in Sources */ = {isa = PBXBuildFile; fileRef = 1885C7A0263963710043E47A /* HotelsModel.swift */; };
		1885C7A42639637A0043E47A /* HotelsRouter.swift in Sources */ = {isa = PBXBuildFile; fileRef = 1885C7A32639637A0043E47A /* HotelsRouter.swift */; };
		1885C7AF263963D50043E47A /* MarketView.storyboard in Resources */ = {isa = PBXBuildFile; fileRef = 1885C7AE263963D50043E47A /* MarketView.storyboard */; };
		1885C7B2263963E70043E47A /* MarketViewController.swift in Sources */ = {isa = PBXBuildFile; fileRef = 1885C7B1263963E70043E47A /* MarketViewController.swift */; };
		1885C7B6263963F70043E47A /* MarketViewExtension.swift in Sources */ = {isa = PBXBuildFile; fileRef = 1885C7B5263963F70043E47A /* MarketViewExtension.swift */; };
		1885C7B9263964020043E47A /* MarketProtocols.swift in Sources */ = {isa = PBXBuildFile; fileRef = 1885C7B8263964020043E47A /* MarketProtocols.swift */; };
		1885C7BC2639640D0043E47A /* MarketPresenter.swift in Sources */ = {isa = PBXBuildFile; fileRef = 1885C7BB2639640D0043E47A /* MarketPresenter.swift */; };
		1885C7BF2639641B0043E47A /* MarketEndpoint.swift in Sources */ = {isa = PBXBuildFile; fileRef = 1885C7BE2639641B0043E47A /* MarketEndpoint.swift */; };
		1885C7C32639642D0043E47A /* Marketnteractor.swift in Sources */ = {isa = PBXBuildFile; fileRef = 1885C7C22639642D0043E47A /* Marketnteractor.swift */; };
		1885C7C62639643A0043E47A /* MarketModel.swift in Sources */ = {isa = PBXBuildFile; fileRef = 1885C7C52639643A0043E47A /* MarketModel.swift */; };
		1885C7C9263964450043E47A /* MarketRouter.swift in Sources */ = {isa = PBXBuildFile; fileRef = 1885C7C8263964450043E47A /* MarketRouter.swift */; };
		1885C7D426397C280043E47A /* sideMenuProtocols.swift in Sources */ = {isa = PBXBuildFile; fileRef = 1885C7D326397C280043E47A /* sideMenuProtocols.swift */; };
		1885C7D726397C330043E47A /* sideMenuPresenter.swift in Sources */ = {isa = PBXBuildFile; fileRef = 1885C7D626397C330043E47A /* sideMenuPresenter.swift */; };
		1885C7DA26397C410043E47A /* sideMenuEndpoint.swift in Sources */ = {isa = PBXBuildFile; fileRef = 1885C7D926397C410043E47A /* sideMenuEndpoint.swift */; };
		1885C7DD26397C4D0043E47A /* sideMenuInteractor.swift in Sources */ = {isa = PBXBuildFile; fileRef = 1885C7DC26397C4D0043E47A /* sideMenuInteractor.swift */; };
		1885C7E026397C5A0043E47A /* sideMenuRouter.swift in Sources */ = {isa = PBXBuildFile; fileRef = 1885C7DF26397C5A0043E47A /* sideMenuRouter.swift */; };
		1885C7E326397C6C0043E47A /* sideMenuViewExtension.swift in Sources */ = {isa = PBXBuildFile; fileRef = 1885C7E226397C6C0043E47A /* sideMenuViewExtension.swift */; };
		1885C7E626397C7E0043E47A /* sideMenuViewController.swift in Sources */ = {isa = PBXBuildFile; fileRef = 1885C7E526397C7E0043E47A /* sideMenuViewController.swift */; };
		1885C7E926397C8E0043E47A /* sideMenuView.storyboard in Resources */ = {isa = PBXBuildFile; fileRef = 1885C7E826397C8E0043E47A /* sideMenuView.storyboard */; };
		1885C7EE26397E4E0043E47A /* sideMenuCell.swift in Sources */ = {isa = PBXBuildFile; fileRef = 1885C7EC26397E4E0043E47A /* sideMenuCell.swift */; };
		1885C7EF26397E4E0043E47A /* sideMenuCell.xib in Resources */ = {isa = PBXBuildFile; fileRef = 1885C7ED26397E4E0043E47A /* sideMenuCell.xib */; };
		188844DD263FFD9F001F77C1 /* CellData.swift in Sources */ = {isa = PBXBuildFile; fileRef = 188844DC263FFD9F001F77C1 /* CellData.swift */; };
		18EDDE272636F06200826E46 /* AppDelegate.swift in Sources */ = {isa = PBXBuildFile; fileRef = 18EDDE262636F06200826E46 /* AppDelegate.swift */; };
		18EDDE292636F06200826E46 /* SceneDelegate.swift in Sources */ = {isa = PBXBuildFile; fileRef = 18EDDE282636F06200826E46 /* SceneDelegate.swift */; };
		18EDDE302636F06600826E46 /* Assets.xcassets in Resources */ = {isa = PBXBuildFile; fileRef = 18EDDE2F2636F06600826E46 /* Assets.xcassets */; };
		18EDDE332636F06600826E46 /* LaunchScreen.storyboard in Resources */ = {isa = PBXBuildFile; fileRef = 18EDDE312636F06600826E46 /* LaunchScreen.storyboard */; };
		18EDDE4D2636F42200826E46 /* LoginViewController.storyboard in Resources */ = {isa = PBXBuildFile; fileRef = 18EDDE4C2636F42200826E46 /* LoginViewController.storyboard */; };
		18EDDE502636F43F00826E46 /* LoginViewController.swift in Sources */ = {isa = PBXBuildFile; fileRef = 18EDDE4F2636F43F00826E46 /* LoginViewController.swift */; };
		18EDDE532636F45100826E46 /* LoginProtocols.swift in Sources */ = {isa = PBXBuildFile; fileRef = 18EDDE522636F45100826E46 /* LoginProtocols.swift */; };
		18EDDE562636F46400826E46 /* LoginPresenter.swift in Sources */ = {isa = PBXBuildFile; fileRef = 18EDDE552636F46400826E46 /* LoginPresenter.swift */; };
		18EDDE592636F47000826E46 /* LoginModel.swift in Sources */ = {isa = PBXBuildFile; fileRef = 18EDDE582636F47000826E46 /* LoginModel.swift */; };
		18EDDE5C2636F48200826E46 /* LoginEndpoint.swift in Sources */ = {isa = PBXBuildFile; fileRef = 18EDDE5B2636F48200826E46 /* LoginEndpoint.swift */; };
		18EDDE5F2636F49100826E46 /* LoginInteractor.swift in Sources */ = {isa = PBXBuildFile; fileRef = 18EDDE5E2636F49100826E46 /* LoginInteractor.swift */; };
		18EDDE622636F49F00826E46 /* LoginRouter.swift in Sources */ = {isa = PBXBuildFile; fileRef = 18EDDE612636F49F00826E46 /* LoginRouter.swift */; };
		18EDDE652636F4C500826E46 /* LoginViewExtension.swift in Sources */ = {isa = PBXBuildFile; fileRef = 18EDDE642636F4C500826E46 /* LoginViewExtension.swift */; };
		18EDDE6D2636F5A700826E46 /* BasesProtocols.swift in Sources */ = {isa = PBXBuildFile; fileRef = 18EDDE6C2636F5A700826E46 /* BasesProtocols.swift */; };
		18EDDE712636F5C700826E46 /* BasePresenter.swift in Sources */ = {isa = PBXBuildFile; fileRef = 18EDDE702636F5C700826E46 /* BasePresenter.swift */; };
		18EDDE742636F5EE00826E46 /* BaseViewController.swift in Sources */ = {isa = PBXBuildFile; fileRef = 18EDDE732636F5EE00826E46 /* BaseViewController.swift */; };
		18EDDE792636F69400826E46 /* ViewControllerExtension.swift in Sources */ = {isa = PBXBuildFile; fileRef = 18EDDE782636F69400826E46 /* ViewControllerExtension.swift */; };
		18EDDE7D2636F70D00826E46 /* alertWithOneButton.swift in Sources */ = {isa = PBXBuildFile; fileRef = 18EDDE7B2636F70D00826E46 /* alertWithOneButton.swift */; };
		18EDDE7E2636F70D00826E46 /* alertWithOneButton.xib in Resources */ = {isa = PBXBuildFile; fileRef = 18EDDE7C2636F70D00826E46 /* alertWithOneButton.xib */; };
		18EDDE8E2636F8F300826E46 /* alertWithTwoButtons.swift in Sources */ = {isa = PBXBuildFile; fileRef = 18EDDE8C2636F8F300826E46 /* alertWithTwoButtons.swift */; };
		18EDDE8F2636F8F300826E46 /* alertWithTwoButtons.xib in Resources */ = {isa = PBXBuildFile; fileRef = 18EDDE8D2636F8F300826E46 /* alertWithTwoButtons.xib */; };
		18EDDE982636FB5E00826E46 /* SplashScreenProtocols.swift in Sources */ = {isa = PBXBuildFile; fileRef = 18EDDE972636FB5E00826E46 /* SplashScreenProtocols.swift */; };
		18EDDE9C2636FB6900826E46 /* SplashScreenPresenter.swift in Sources */ = {isa = PBXBuildFile; fileRef = 18EDDE9B2636FB6800826E46 /* SplashScreenPresenter.swift */; };
		18EDDEA12636FB8500826E46 /* SplashScreenViewController.swift in Sources */ = {isa = PBXBuildFile; fileRef = 18EDDEA02636FB8500826E46 /* SplashScreenViewController.swift */; };
		18EDDEA52636FB8D00826E46 /* SplashScreen.storyboard in Resources */ = {isa = PBXBuildFile; fileRef = 18EDDEA42636FB8D00826E46 /* SplashScreen.storyboard */; };
		18EDDEA82636FBA100826E46 /* SplashScreenModel.swift in Sources */ = {isa = PBXBuildFile; fileRef = 18EDDEA72636FBA100826E46 /* SplashScreenModel.swift */; };
		18EDDEAB2636FBAC00826E46 /* SplashScreenEndpoint.swift in Sources */ = {isa = PBXBuildFile; fileRef = 18EDDEAA2636FBAC00826E46 /* SplashScreenEndpoint.swift */; };
		18EDDEAE2636FBBE00826E46 /* SplashScreenInteractor.swift in Sources */ = {isa = PBXBuildFile; fileRef = 18EDDEAD2636FBBE00826E46 /* SplashScreenInteractor.swift */; };
		18EDDEB12636FBC900826E46 /* SplashScreenRouter.swift in Sources */ = {isa = PBXBuildFile; fileRef = 18EDDEB02636FBC900826E46 /* SplashScreenRouter.swift */; };
		18EDDEB826380A4400826E46 /* TextFiledExxtension.swift in Sources */ = {isa = PBXBuildFile; fileRef = 18EDDEB726380A4400826E46 /* TextFiledExxtension.swift */; };
		18EDDEBB26380A7B00826E46 /* LabelExtension.swift in Sources */ = {isa = PBXBuildFile; fileRef = 18EDDEBA26380A7B00826E46 /* LabelExtension.swift */; };
		18EDDEBE26380AAB00826E46 /* StringExtension.swift in Sources */ = {isa = PBXBuildFile; fileRef = 18EDDEBD26380AAB00826E46 /* StringExtension.swift */; };
		18EDDEC126380BEA00826E46 /* ButtonExtension.swift in Sources */ = {isa = PBXBuildFile; fileRef = 18EDDEC026380BEA00826E46 /* ButtonExtension.swift */; };
		18EDDEC526380C3800826E46 /* UiImageExtension.swift in Sources */ = {isa = PBXBuildFile; fileRef = 18EDDEC426380C3800826E46 /* UiImageExtension.swift */; };
		18EDDEC826380C8700826E46 /* Constant.swift in Sources */ = {isa = PBXBuildFile; fileRef = 18EDDEC726380C8700826E46 /* Constant.swift */; };
		18EDDECB26380D6B00826E46 /* ColorExtension.swift in Sources */ = {isa = PBXBuildFile; fileRef = 18EDDECA26380D6B00826E46 /* ColorExtension.swift */; };
		18EDDEDD263827EF00826E46 /* HomeView.storyboard in Resources */ = {isa = PBXBuildFile; fileRef = 18EDDEDC263827EF00826E46 /* HomeView.storyboard */; };
		18EDDEE0263827FD00826E46 /* HomeViewController.swift in Sources */ = {isa = PBXBuildFile; fileRef = 18EDDEDF263827FD00826E46 /* HomeViewController.swift */; };
		18EDDEE32638280C00826E46 /* HomeViewExtension.swift in Sources */ = {isa = PBXBuildFile; fileRef = 18EDDEE22638280C00826E46 /* HomeViewExtension.swift */; };
		18EDDEE62638282200826E46 /* HomeProtocol.swift in Sources */ = {isa = PBXBuildFile; fileRef = 18EDDEE52638282200826E46 /* HomeProtocol.swift */; };
		18EDDEE92638282E00826E46 /* HomePresenter.swift in Sources */ = {isa = PBXBuildFile; fileRef = 18EDDEE82638282E00826E46 /* HomePresenter.swift */; };
		18EDDEEC2638283E00826E46 /* HomeInteractor.swift in Sources */ = {isa = PBXBuildFile; fileRef = 18EDDEEB2638283E00826E46 /* HomeInteractor.swift */; };
		18EDDEEF2638284A00826E46 /* HomeEndpoint.swift in Sources */ = {isa = PBXBuildFile; fileRef = 18EDDEEE2638284A00826E46 /* HomeEndpoint.swift */; };
		18EDDEF22638285500826E46 /* HomeRouter.swift in Sources */ = {isa = PBXBuildFile; fileRef = 18EDDEF12638285500826E46 /* HomeRouter.swift */; };
		18EDDEFD263828EE00826E46 /* HomeTabBar.storyboard in Resources */ = {isa = PBXBuildFile; fileRef = 18EDDEFC263828EE00826E46 /* HomeTabBar.storyboard */; };
		18EDDF00263828FE00826E46 /* HomeTabBarViewController.swift in Sources */ = {isa = PBXBuildFile; fileRef = 18EDDEFF263828FE00826E46 /* HomeTabBarViewController.swift */; };
		18EDDF032638291900826E46 /* HomeTabExtension.swift in Sources */ = {isa = PBXBuildFile; fileRef = 18EDDF022638291900826E46 /* HomeTabExtension.swift */; };
		4F2BF1AE10AABEF61F01F086 /* Pods_The_Key_Discount.framework in Frameworks */ = {isa = PBXBuildFile; fileRef = C23845811EDB46EE02E3043D /* Pods_The_Key_Discount.framework */; };
		8516F449263EBCD4002DAF3E /* SignupScreenRouter.swift in Sources */ = {isa = PBXBuildFile; fileRef = 8516F448263EBCD4002DAF3E /* SignupScreenRouter.swift */; };
		8516F44D263EBD6A002DAF3E /* SignupProtocols.swift in Sources */ = {isa = PBXBuildFile; fileRef = 8516F44C263EBD6A002DAF3E /* SignupProtocols.swift */; };
		8516F450263EBD85002DAF3E /* SignupPresenter.swift in Sources */ = {isa = PBXBuildFile; fileRef = 8516F44F263EBD85002DAF3E /* SignupPresenter.swift */; };
		8516F46E263ED91E002DAF3E /* SignUpScreenEndpoint.swift in Sources */ = {isa = PBXBuildFile; fileRef = 8516F46D263ED91E002DAF3E /* SignUpScreenEndpoint.swift */; };
		8516F472263ED940002DAF3E /* SignUpScreenInteractor.swift in Sources */ = {isa = PBXBuildFile; fileRef = 8516F471263ED940002DAF3E /* SignUpScreenInteractor.swift */; };
		8516F476263ED98B002DAF3E /* SignupModel.swift in Sources */ = {isa = PBXBuildFile; fileRef = 8516F475263ED98B002DAF3E /* SignupModel.swift */; };
		8516F486263EE466002DAF3E /* ForgetPasswordViewController.storyboard in Resources */ = {isa = PBXBuildFile; fileRef = 8516F485263EE466002DAF3E /* ForgetPasswordViewController.storyboard */; };
		8516F489263EE4D2002DAF3E /* ForgetPasswordViewController.swift in Sources */ = {isa = PBXBuildFile; fileRef = 8516F488263EE4D2002DAF3E /* ForgetPasswordViewController.swift */; };
		8516F48C263EE50A002DAF3E /* ForgetPasswordViewExtension.swift in Sources */ = {isa = PBXBuildFile; fileRef = 8516F48B263EE50A002DAF3E /* ForgetPasswordViewExtension.swift */; };
		8545785D26398B6900094BB4 /* SignupViewController.storyboard in Resources */ = {isa = PBXBuildFile; fileRef = 8545785C26398B6900094BB4 /* SignupViewController.storyboard */; };
		85457861263991FB00094BB4 /* SignupViewController.swift in Sources */ = {isa = PBXBuildFile; fileRef = 85457860263991FB00094BB4 /* SignupViewController.swift */; };
		854578652639922D00094BB4 /* SignupViewConrollerExtension.swift in Sources */ = {isa = PBXBuildFile; fileRef = 854578642639922D00094BB4 /* SignupViewConrollerExtension.swift */; };
		8545786A2639938700094BB4 /* Localizable.strings in Resources */ = {isa = PBXBuildFile; fileRef = 8545786C2639938700094BB4 /* Localizable.strings */; };
		854DF877263FF8A400712948 /* ForgetPasswordProtocols.swift in Sources */ = {isa = PBXBuildFile; fileRef = 854DF876263FF8A400712948 /* ForgetPasswordProtocols.swift */; };
		854DF87A263FF8C400712948 /* ForgetPasswordPresenter.swift in Sources */ = {isa = PBXBuildFile; fileRef = 854DF879263FF8C400712948 /* ForgetPasswordPresenter.swift */; };
		854DF87E263FF9A600712948 /* ForgetPasswordScreenRouter.swift in Sources */ = {isa = PBXBuildFile; fileRef = 854DF87D263FF9A600712948 /* ForgetPasswordScreenRouter.swift */; };
		854DF887263FFA5800712948 /* ForgetPasswordModel.swift in Sources */ = {isa = PBXBuildFile; fileRef = 854DF886263FFA5800712948 /* ForgetPasswordModel.swift */; };
		854DF88A263FFA9700712948 /* ForgetPasswordScreenEndpoint.swift in Sources */ = {isa = PBXBuildFile; fileRef = 854DF889263FFA9700712948 /* ForgetPasswordScreenEndpoint.swift */; };
		854DF88D263FFABA00712948 /* ForgetPasswordScreenInteractor.swift in Sources */ = {isa = PBXBuildFile; fileRef = 854DF88C263FFABA00712948 /* ForgetPasswordScreenInteractor.swift */; };
		85DE82C626400E5000BAB2E3 /* ConfirmPasswordViewController.storyboard in Resources */ = {isa = PBXBuildFile; fileRef = 85DE82C526400E5000BAB2E3 /* ConfirmPasswordViewController.storyboard */; };
/* End PBXBuildFile section */

/* Begin PBXFileReference section */
		18082B6A263EE6BF00A80C7B /* SideMenuData.swift */ = {isa = PBXFileReference; lastKnownFileType = sourcecode.swift; path = SideMenuData.swift; sourceTree = "<group>"; };
		184EEF0F26383EDD00C7BAE5 /* tabBarRouter.swift */ = {isa = PBXFileReference; lastKnownFileType = sourcecode.swift; path = tabBarRouter.swift; sourceTree = "<group>"; };
		184EEF1226383F4B00C7BAE5 /* tabBarProtocols.swift */ = {isa = PBXFileReference; lastKnownFileType = sourcecode.swift; path = tabBarProtocols.swift; sourceTree = "<group>"; };
		184EEF1526383F5500C7BAE5 /* tabBarPresenter.swift */ = {isa = PBXFileReference; lastKnownFileType = sourcecode.swift; path = tabBarPresenter.swift; sourceTree = "<group>"; };
		184EEF18263847A400C7BAE5 /* uiviewExtension.swift */ = {isa = PBXFileReference; lastKnownFileType = sourcecode.swift; path = uiviewExtension.swift; sourceTree = "<group>"; };
		1885C742263960EF0043E47A /* ResturantView.storyboard */ = {isa = PBXFileReference; lastKnownFileType = file.storyboard; path = ResturantView.storyboard; sourceTree = "<group>"; };
		1885C745263960FC0043E47A /* ResturantViewController.swift */ = {isa = PBXFileReference; lastKnownFileType = sourcecode.swift; path = ResturantViewController.swift; sourceTree = "<group>"; };
		1885C749263961110043E47A /* ResturantViewEXtension.swift */ = {isa = PBXFileReference; lastKnownFileType = sourcecode.swift; path = ResturantViewEXtension.swift; sourceTree = "<group>"; };
		1885C74D263961200043E47A /* ResturantProtocols.swift */ = {isa = PBXFileReference; lastKnownFileType = sourcecode.swift; path = ResturantProtocols.swift; sourceTree = "<group>"; };
		1885C7502639612F0043E47A /* ResturantPresenter.swift */ = {isa = PBXFileReference; lastKnownFileType = sourcecode.swift; path = ResturantPresenter.swift; sourceTree = "<group>"; };
		1885C753263961440043E47A /* ResturantEndpont.swift */ = {isa = PBXFileReference; lastKnownFileType = sourcecode.swift; path = ResturantEndpont.swift; sourceTree = "<group>"; };
		1885C756263961590043E47A /* ResturantInteractor.swift */ = {isa = PBXFileReference; lastKnownFileType = sourcecode.swift; path = ResturantInteractor.swift; sourceTree = "<group>"; };
		1885C759263961660043E47A /* ResturantModel.swift */ = {isa = PBXFileReference; lastKnownFileType = sourcecode.swift; path = ResturantModel.swift; sourceTree = "<group>"; };
		1885C75C263961700043E47A /* ResturantRouter.swift */ = {isa = PBXFileReference; lastKnownFileType = sourcecode.swift; path = ResturantRouter.swift; sourceTree = "<group>"; };
		1885C767263962310043E47A /* BookingProtocols.swift */ = {isa = PBXFileReference; lastKnownFileType = sourcecode.swift; path = BookingProtocols.swift; sourceTree = "<group>"; };
		1885C76B2639623E0043E47A /* BookingPresenter.swift */ = {isa = PBXFileReference; lastKnownFileType = sourcecode.swift; path = BookingPresenter.swift; sourceTree = "<group>"; };
		1885C76E263962470043E47A /* BookingModel.swift */ = {isa = PBXFileReference; lastKnownFileType = sourcecode.swift; path = BookingModel.swift; sourceTree = "<group>"; };
		1885C771263962560043E47A /* BookingEndpoint.swift */ = {isa = PBXFileReference; lastKnownFileType = sourcecode.swift; path = BookingEndpoint.swift; sourceTree = "<group>"; };
		1885C774263962660043E47A /* BookingInteractor.swift */ = {isa = PBXFileReference; lastKnownFileType = sourcecode.swift; path = BookingInteractor.swift; sourceTree = "<group>"; };
		1885C777263962720043E47A /* BookingRouter.swift */ = {isa = PBXFileReference; lastKnownFileType = sourcecode.swift; path = BookingRouter.swift; sourceTree = "<group>"; };
		1885C77A263962890043E47A /* BookingViewExtension.swift */ = {isa = PBXFileReference; lastKnownFileType = sourcecode.swift; path = BookingViewExtension.swift; sourceTree = "<group>"; };
		1885C77D263962950043E47A /* BookingViewController.swift */ = {isa = PBXFileReference; lastKnownFileType = sourcecode.swift; path = BookingViewController.swift; sourceTree = "<group>"; };
		1885C780263962A20043E47A /* BookingView.storyboard */ = {isa = PBXFileReference; lastKnownFileType = file.storyboard; path = BookingView.storyboard; sourceTree = "<group>"; };
		1885C78B2639630E0043E47A /* HotelsView.storyboard */ = {isa = PBXFileReference; lastKnownFileType = file.storyboard; path = HotelsView.storyboard; sourceTree = "<group>"; };
		1885C78E2639631B0043E47A /* HotelsViewController.swift */ = {isa = PBXFileReference; lastKnownFileType = sourcecode.swift; path = HotelsViewController.swift; sourceTree = "<group>"; };
		1885C791263963310043E47A /* HotelsViewExtension.swift */ = {isa = PBXFileReference; lastKnownFileType = sourcecode.swift; path = HotelsViewExtension.swift; sourceTree = "<group>"; };
		1885C7942639633D0043E47A /* HotelsProtocols.swift */ = {isa = PBXFileReference; lastKnownFileType = sourcecode.swift; path = HotelsProtocols.swift; sourceTree = "<group>"; };
		1885C797263963480043E47A /* HotelsPresenter.swift */ = {isa = PBXFileReference; lastKnownFileType = sourcecode.swift; path = HotelsPresenter.swift; sourceTree = "<group>"; };
		1885C79A263963580043E47A /* HotelsEndpoint.swift */ = {isa = PBXFileReference; lastKnownFileType = sourcecode.swift; path = HotelsEndpoint.swift; sourceTree = "<group>"; };
		1885C79D263963650043E47A /* HotelsInteractor.swift */ = {isa = PBXFileReference; lastKnownFileType = sourcecode.swift; path = HotelsInteractor.swift; sourceTree = "<group>"; };
		1885C7A0263963710043E47A /* HotelsModel.swift */ = {isa = PBXFileReference; lastKnownFileType = sourcecode.swift; path = HotelsModel.swift; sourceTree = "<group>"; };
		1885C7A32639637A0043E47A /* HotelsRouter.swift */ = {isa = PBXFileReference; lastKnownFileType = sourcecode.swift; path = HotelsRouter.swift; sourceTree = "<group>"; };
		1885C7AE263963D50043E47A /* MarketView.storyboard */ = {isa = PBXFileReference; lastKnownFileType = file.storyboard; path = MarketView.storyboard; sourceTree = "<group>"; };
		1885C7B1263963E70043E47A /* MarketViewController.swift */ = {isa = PBXFileReference; lastKnownFileType = sourcecode.swift; path = MarketViewController.swift; sourceTree = "<group>"; };
		1885C7B5263963F70043E47A /* MarketViewExtension.swift */ = {isa = PBXFileReference; lastKnownFileType = sourcecode.swift; path = MarketViewExtension.swift; sourceTree = "<group>"; };
		1885C7B8263964020043E47A /* MarketProtocols.swift */ = {isa = PBXFileReference; lastKnownFileType = sourcecode.swift; path = MarketProtocols.swift; sourceTree = "<group>"; };
		1885C7BB2639640D0043E47A /* MarketPresenter.swift */ = {isa = PBXFileReference; lastKnownFileType = sourcecode.swift; path = MarketPresenter.swift; sourceTree = "<group>"; };
		1885C7BE2639641B0043E47A /* MarketEndpoint.swift */ = {isa = PBXFileReference; lastKnownFileType = sourcecode.swift; path = MarketEndpoint.swift; sourceTree = "<group>"; };
		1885C7C22639642D0043E47A /* Marketnteractor.swift */ = {isa = PBXFileReference; lastKnownFileType = sourcecode.swift; path = Marketnteractor.swift; sourceTree = "<group>"; };
		1885C7C52639643A0043E47A /* MarketModel.swift */ = {isa = PBXFileReference; lastKnownFileType = sourcecode.swift; path = MarketModel.swift; sourceTree = "<group>"; };
		1885C7C8263964450043E47A /* MarketRouter.swift */ = {isa = PBXFileReference; lastKnownFileType = sourcecode.swift; path = MarketRouter.swift; sourceTree = "<group>"; };
		1885C7D326397C280043E47A /* sideMenuProtocols.swift */ = {isa = PBXFileReference; lastKnownFileType = sourcecode.swift; path = sideMenuProtocols.swift; sourceTree = "<group>"; };
		1885C7D626397C330043E47A /* sideMenuPresenter.swift */ = {isa = PBXFileReference; lastKnownFileType = sourcecode.swift; path = sideMenuPresenter.swift; sourceTree = "<group>"; };
		1885C7D926397C410043E47A /* sideMenuEndpoint.swift */ = {isa = PBXFileReference; lastKnownFileType = sourcecode.swift; path = sideMenuEndpoint.swift; sourceTree = "<group>"; };
		1885C7DC26397C4D0043E47A /* sideMenuInteractor.swift */ = {isa = PBXFileReference; lastKnownFileType = sourcecode.swift; path = sideMenuInteractor.swift; sourceTree = "<group>"; };
		1885C7DF26397C5A0043E47A /* sideMenuRouter.swift */ = {isa = PBXFileReference; lastKnownFileType = sourcecode.swift; path = sideMenuRouter.swift; sourceTree = "<group>"; };
		1885C7E226397C6C0043E47A /* sideMenuViewExtension.swift */ = {isa = PBXFileReference; lastKnownFileType = sourcecode.swift; path = sideMenuViewExtension.swift; sourceTree = "<group>"; };
		1885C7E526397C7E0043E47A /* sideMenuViewController.swift */ = {isa = PBXFileReference; lastKnownFileType = sourcecode.swift; path = sideMenuViewController.swift; sourceTree = "<group>"; };
		1885C7E826397C8E0043E47A /* sideMenuView.storyboard */ = {isa = PBXFileReference; lastKnownFileType = file.storyboard; path = sideMenuView.storyboard; sourceTree = "<group>"; };
		1885C7EC26397E4E0043E47A /* sideMenuCell.swift */ = {isa = PBXFileReference; lastKnownFileType = sourcecode.swift; path = sideMenuCell.swift; sourceTree = "<group>"; };
		1885C7ED26397E4E0043E47A /* sideMenuCell.xib */ = {isa = PBXFileReference; lastKnownFileType = file.xib; path = sideMenuCell.xib; sourceTree = "<group>"; };
		188844DC263FFD9F001F77C1 /* CellData.swift */ = {isa = PBXFileReference; lastKnownFileType = sourcecode.swift; path = CellData.swift; sourceTree = "<group>"; };
		18EDDE232636F06200826E46 /* The Key Discount.app */ = {isa = PBXFileReference; explicitFileType = wrapper.application; includeInIndex = 0; path = "The Key Discount.app"; sourceTree = BUILT_PRODUCTS_DIR; };
		18EDDE262636F06200826E46 /* AppDelegate.swift */ = {isa = PBXFileReference; lastKnownFileType = sourcecode.swift; path = AppDelegate.swift; sourceTree = "<group>"; };
		18EDDE282636F06200826E46 /* SceneDelegate.swift */ = {isa = PBXFileReference; lastKnownFileType = sourcecode.swift; path = SceneDelegate.swift; sourceTree = "<group>"; };
		18EDDE2F2636F06600826E46 /* Assets.xcassets */ = {isa = PBXFileReference; lastKnownFileType = folder.assetcatalog; path = Assets.xcassets; sourceTree = "<group>"; };
		18EDDE322636F06600826E46 /* Base */ = {isa = PBXFileReference; lastKnownFileType = file.storyboard; name = Base; path = Base.lproj/LaunchScreen.storyboard; sourceTree = "<group>"; };
		18EDDE342636F06600826E46 /* Info.plist */ = {isa = PBXFileReference; lastKnownFileType = text.plist.xml; path = Info.plist; sourceTree = "<group>"; };
		18EDDE4C2636F42200826E46 /* LoginViewController.storyboard */ = {isa = PBXFileReference; lastKnownFileType = file.storyboard; path = LoginViewController.storyboard; sourceTree = "<group>"; };
		18EDDE4F2636F43F00826E46 /* LoginViewController.swift */ = {isa = PBXFileReference; lastKnownFileType = sourcecode.swift; path = LoginViewController.swift; sourceTree = "<group>"; };
		18EDDE522636F45100826E46 /* LoginProtocols.swift */ = {isa = PBXFileReference; lastKnownFileType = sourcecode.swift; path = LoginProtocols.swift; sourceTree = "<group>"; };
		18EDDE552636F46400826E46 /* LoginPresenter.swift */ = {isa = PBXFileReference; lastKnownFileType = sourcecode.swift; path = LoginPresenter.swift; sourceTree = "<group>"; };
		18EDDE582636F47000826E46 /* LoginModel.swift */ = {isa = PBXFileReference; lastKnownFileType = sourcecode.swift; path = LoginModel.swift; sourceTree = "<group>"; };
		18EDDE5B2636F48200826E46 /* LoginEndpoint.swift */ = {isa = PBXFileReference; lastKnownFileType = sourcecode.swift; path = LoginEndpoint.swift; sourceTree = "<group>"; };
		18EDDE5E2636F49100826E46 /* LoginInteractor.swift */ = {isa = PBXFileReference; lastKnownFileType = sourcecode.swift; path = LoginInteractor.swift; sourceTree = "<group>"; };
		18EDDE612636F49F00826E46 /* LoginRouter.swift */ = {isa = PBXFileReference; lastKnownFileType = sourcecode.swift; path = LoginRouter.swift; sourceTree = "<group>"; };
		18EDDE642636F4C500826E46 /* LoginViewExtension.swift */ = {isa = PBXFileReference; lastKnownFileType = sourcecode.swift; path = LoginViewExtension.swift; sourceTree = "<group>"; };
		18EDDE6C2636F5A700826E46 /* BasesProtocols.swift */ = {isa = PBXFileReference; lastKnownFileType = sourcecode.swift; path = BasesProtocols.swift; sourceTree = "<group>"; };
		18EDDE702636F5C700826E46 /* BasePresenter.swift */ = {isa = PBXFileReference; lastKnownFileType = sourcecode.swift; path = BasePresenter.swift; sourceTree = "<group>"; };
		18EDDE732636F5EE00826E46 /* BaseViewController.swift */ = {isa = PBXFileReference; lastKnownFileType = sourcecode.swift; path = BaseViewController.swift; sourceTree = "<group>"; };
		18EDDE782636F69400826E46 /* ViewControllerExtension.swift */ = {isa = PBXFileReference; lastKnownFileType = sourcecode.swift; path = ViewControllerExtension.swift; sourceTree = "<group>"; };
		18EDDE7B2636F70D00826E46 /* alertWithOneButton.swift */ = {isa = PBXFileReference; lastKnownFileType = sourcecode.swift; path = alertWithOneButton.swift; sourceTree = "<group>"; };
		18EDDE7C2636F70D00826E46 /* alertWithOneButton.xib */ = {isa = PBXFileReference; lastKnownFileType = file.xib; path = alertWithOneButton.xib; sourceTree = "<group>"; };
		18EDDE8C2636F8F300826E46 /* alertWithTwoButtons.swift */ = {isa = PBXFileReference; lastKnownFileType = sourcecode.swift; path = alertWithTwoButtons.swift; sourceTree = "<group>"; };
		18EDDE8D2636F8F300826E46 /* alertWithTwoButtons.xib */ = {isa = PBXFileReference; lastKnownFileType = file.xib; path = alertWithTwoButtons.xib; sourceTree = "<group>"; };
		18EDDE972636FB5E00826E46 /* SplashScreenProtocols.swift */ = {isa = PBXFileReference; lastKnownFileType = sourcecode.swift; path = SplashScreenProtocols.swift; sourceTree = "<group>"; };
		18EDDE9B2636FB6800826E46 /* SplashScreenPresenter.swift */ = {isa = PBXFileReference; lastKnownFileType = sourcecode.swift; path = SplashScreenPresenter.swift; sourceTree = "<group>"; };
		18EDDEA02636FB8500826E46 /* SplashScreenViewController.swift */ = {isa = PBXFileReference; lastKnownFileType = sourcecode.swift; path = SplashScreenViewController.swift; sourceTree = "<group>"; };
		18EDDEA42636FB8D00826E46 /* SplashScreen.storyboard */ = {isa = PBXFileReference; lastKnownFileType = file.storyboard; path = SplashScreen.storyboard; sourceTree = "<group>"; };
		18EDDEA72636FBA100826E46 /* SplashScreenModel.swift */ = {isa = PBXFileReference; lastKnownFileType = sourcecode.swift; path = SplashScreenModel.swift; sourceTree = "<group>"; };
		18EDDEAA2636FBAC00826E46 /* SplashScreenEndpoint.swift */ = {isa = PBXFileReference; lastKnownFileType = sourcecode.swift; path = SplashScreenEndpoint.swift; sourceTree = "<group>"; };
		18EDDEAD2636FBBE00826E46 /* SplashScreenInteractor.swift */ = {isa = PBXFileReference; lastKnownFileType = sourcecode.swift; path = SplashScreenInteractor.swift; sourceTree = "<group>"; };
		18EDDEB02636FBC900826E46 /* SplashScreenRouter.swift */ = {isa = PBXFileReference; lastKnownFileType = sourcecode.swift; path = SplashScreenRouter.swift; sourceTree = "<group>"; };
		18EDDEB52638096B00826E46 /* ar */ = {isa = PBXFileReference; lastKnownFileType = text.plist.strings; name = ar; path = ar.lproj/LaunchScreen.strings; sourceTree = "<group>"; };
		18EDDEB726380A4400826E46 /* TextFiledExxtension.swift */ = {isa = PBXFileReference; lastKnownFileType = sourcecode.swift; path = TextFiledExxtension.swift; sourceTree = "<group>"; };
		18EDDEBA26380A7B00826E46 /* LabelExtension.swift */ = {isa = PBXFileReference; lastKnownFileType = sourcecode.swift; path = LabelExtension.swift; sourceTree = "<group>"; };
		18EDDEBD26380AAB00826E46 /* StringExtension.swift */ = {isa = PBXFileReference; lastKnownFileType = sourcecode.swift; path = StringExtension.swift; sourceTree = "<group>"; };
		18EDDEC026380BEA00826E46 /* ButtonExtension.swift */ = {isa = PBXFileReference; lastKnownFileType = sourcecode.swift; path = ButtonExtension.swift; sourceTree = "<group>"; };
		18EDDEC426380C3800826E46 /* UiImageExtension.swift */ = {isa = PBXFileReference; lastKnownFileType = sourcecode.swift; path = UiImageExtension.swift; sourceTree = "<group>"; };
		18EDDEC726380C8700826E46 /* Constant.swift */ = {isa = PBXFileReference; lastKnownFileType = sourcecode.swift; path = Constant.swift; sourceTree = "<group>"; };
		18EDDECA26380D6B00826E46 /* ColorExtension.swift */ = {isa = PBXFileReference; lastKnownFileType = sourcecode.swift; path = ColorExtension.swift; sourceTree = "<group>"; };
		18EDDEDC263827EF00826E46 /* HomeView.storyboard */ = {isa = PBXFileReference; lastKnownFileType = file.storyboard; path = HomeView.storyboard; sourceTree = "<group>"; };
		18EDDEDF263827FD00826E46 /* HomeViewController.swift */ = {isa = PBXFileReference; lastKnownFileType = sourcecode.swift; path = HomeViewController.swift; sourceTree = "<group>"; };
		18EDDEE22638280C00826E46 /* HomeViewExtension.swift */ = {isa = PBXFileReference; lastKnownFileType = sourcecode.swift; path = HomeViewExtension.swift; sourceTree = "<group>"; };
		18EDDEE52638282200826E46 /* HomeProtocol.swift */ = {isa = PBXFileReference; lastKnownFileType = sourcecode.swift; path = HomeProtocol.swift; sourceTree = "<group>"; };
		18EDDEE82638282E00826E46 /* HomePresenter.swift */ = {isa = PBXFileReference; lastKnownFileType = sourcecode.swift; path = HomePresenter.swift; sourceTree = "<group>"; };
		18EDDEEB2638283E00826E46 /* HomeInteractor.swift */ = {isa = PBXFileReference; lastKnownFileType = sourcecode.swift; path = HomeInteractor.swift; sourceTree = "<group>"; };
		18EDDEEE2638284A00826E46 /* HomeEndpoint.swift */ = {isa = PBXFileReference; lastKnownFileType = sourcecode.swift; path = HomeEndpoint.swift; sourceTree = "<group>"; };
		18EDDEF12638285500826E46 /* HomeRouter.swift */ = {isa = PBXFileReference; lastKnownFileType = sourcecode.swift; path = HomeRouter.swift; sourceTree = "<group>"; };
		18EDDEFC263828EE00826E46 /* HomeTabBar.storyboard */ = {isa = PBXFileReference; lastKnownFileType = file.storyboard; path = HomeTabBar.storyboard; sourceTree = "<group>"; };
		18EDDEFF263828FE00826E46 /* HomeTabBarViewController.swift */ = {isa = PBXFileReference; lastKnownFileType = sourcecode.swift; path = HomeTabBarViewController.swift; sourceTree = "<group>"; };
		18EDDF022638291900826E46 /* HomeTabExtension.swift */ = {isa = PBXFileReference; lastKnownFileType = sourcecode.swift; path = HomeTabExtension.swift; sourceTree = "<group>"; };
		19463BF0A94E14821478CFEF /* Pods-The Key Discount.debug.xcconfig */ = {isa = PBXFileReference; includeInIndex = 1; lastKnownFileType = text.xcconfig; name = "Pods-The Key Discount.debug.xcconfig"; path = "Target Support Files/Pods-The Key Discount/Pods-The Key Discount.debug.xcconfig"; sourceTree = "<group>"; };
		8516F448263EBCD4002DAF3E /* SignupScreenRouter.swift */ = {isa = PBXFileReference; lastKnownFileType = sourcecode.swift; path = SignupScreenRouter.swift; sourceTree = "<group>"; };
		8516F44C263EBD6A002DAF3E /* SignupProtocols.swift */ = {isa = PBXFileReference; lastKnownFileType = sourcecode.swift; path = SignupProtocols.swift; sourceTree = "<group>"; };
		8516F44F263EBD85002DAF3E /* SignupPresenter.swift */ = {isa = PBXFileReference; lastKnownFileType = sourcecode.swift; path = SignupPresenter.swift; sourceTree = "<group>"; };
		8516F46D263ED91E002DAF3E /* SignUpScreenEndpoint.swift */ = {isa = PBXFileReference; lastKnownFileType = sourcecode.swift; path = SignUpScreenEndpoint.swift; sourceTree = "<group>"; };
		8516F471263ED940002DAF3E /* SignUpScreenInteractor.swift */ = {isa = PBXFileReference; lastKnownFileType = sourcecode.swift; path = SignUpScreenInteractor.swift; sourceTree = "<group>"; };
		8516F475263ED98B002DAF3E /* SignupModel.swift */ = {isa = PBXFileReference; lastKnownFileType = sourcecode.swift; path = SignupModel.swift; sourceTree = "<group>"; };
		8516F485263EE466002DAF3E /* ForgetPasswordViewController.storyboard */ = {isa = PBXFileReference; lastKnownFileType = file.storyboard; path = ForgetPasswordViewController.storyboard; sourceTree = "<group>"; };
		8516F488263EE4D2002DAF3E /* ForgetPasswordViewController.swift */ = {isa = PBXFileReference; lastKnownFileType = sourcecode.swift; path = ForgetPasswordViewController.swift; sourceTree = "<group>"; };
		8516F48B263EE50A002DAF3E /* ForgetPasswordViewExtension.swift */ = {isa = PBXFileReference; lastKnownFileType = sourcecode.swift; path = ForgetPasswordViewExtension.swift; sourceTree = "<group>"; };
		8545785C26398B6900094BB4 /* SignupViewController.storyboard */ = {isa = PBXFileReference; lastKnownFileType = file.storyboard; path = SignupViewController.storyboard; sourceTree = "<group>"; };
		85457860263991FB00094BB4 /* SignupViewController.swift */ = {isa = PBXFileReference; lastKnownFileType = sourcecode.swift; path = SignupViewController.swift; sourceTree = "<group>"; };
		854578642639922D00094BB4 /* SignupViewConrollerExtension.swift */ = {isa = PBXFileReference; lastKnownFileType = sourcecode.swift; path = SignupViewConrollerExtension.swift; sourceTree = "<group>"; };
		8545786B2639938700094BB4 /* en */ = {isa = PBXFileReference; lastKnownFileType = text.plist.strings; name = en; path = en.lproj/Localizable.strings; sourceTree = "<group>"; };
		8545786E2639938D00094BB4 /* ar */ = {isa = PBXFileReference; lastKnownFileType = text.plist.strings; name = ar; path = ar.lproj/Localizable.strings; sourceTree = "<group>"; };
		854DF876263FF8A400712948 /* ForgetPasswordProtocols.swift */ = {isa = PBXFileReference; lastKnownFileType = sourcecode.swift; path = ForgetPasswordProtocols.swift; sourceTree = "<group>"; };
		854DF879263FF8C400712948 /* ForgetPasswordPresenter.swift */ = {isa = PBXFileReference; lastKnownFileType = sourcecode.swift; path = ForgetPasswordPresenter.swift; sourceTree = "<group>"; };
		854DF87D263FF9A600712948 /* ForgetPasswordScreenRouter.swift */ = {isa = PBXFileReference; lastKnownFileType = sourcecode.swift; path = ForgetPasswordScreenRouter.swift; sourceTree = "<group>"; };
		854DF886263FFA5800712948 /* ForgetPasswordModel.swift */ = {isa = PBXFileReference; lastKnownFileType = sourcecode.swift; path = ForgetPasswordModel.swift; sourceTree = "<group>"; };
		854DF889263FFA9700712948 /* ForgetPasswordScreenEndpoint.swift */ = {isa = PBXFileReference; lastKnownFileType = sourcecode.swift; path = ForgetPasswordScreenEndpoint.swift; sourceTree = "<group>"; };
		854DF88C263FFABA00712948 /* ForgetPasswordScreenInteractor.swift */ = {isa = PBXFileReference; lastKnownFileType = sourcecode.swift; path = ForgetPasswordScreenInteractor.swift; sourceTree = "<group>"; };
		85DE82C526400E5000BAB2E3 /* ConfirmPasswordViewController.storyboard */ = {isa = PBXFileReference; lastKnownFileType = file.storyboard; path = ConfirmPasswordViewController.storyboard; sourceTree = "<group>"; };
		A4EACC3B8AB965E2638EE634 /* Pods-The Key Discount.release.xcconfig */ = {isa = PBXFileReference; includeInIndex = 1; lastKnownFileType = text.xcconfig; name = "Pods-The Key Discount.release.xcconfig"; path = "Target Support Files/Pods-The Key Discount/Pods-The Key Discount.release.xcconfig"; sourceTree = "<group>"; };
		C23845811EDB46EE02E3043D /* Pods_The_Key_Discount.framework */ = {isa = PBXFileReference; explicitFileType = wrapper.framework; includeInIndex = 0; path = Pods_The_Key_Discount.framework; sourceTree = BUILT_PRODUCTS_DIR; };
/* End PBXFileReference section */

/* Begin PBXFrameworksBuildPhase section */
		18EDDE202636F06200826E46 /* Frameworks */ = {
			isa = PBXFrameworksBuildPhase;
			buildActionMask = 2147483647;
			files = (
				4F2BF1AE10AABEF61F01F086 /* Pods_The_Key_Discount.framework in Frameworks */,
			);
			runOnlyForDeploymentPostprocessing = 0;
		};
/* End PBXFrameworksBuildPhase section */

/* Begin PBXGroup section */
		184EEF0A26383E8F00C7BAE5 /* Router */ = {
			isa = PBXGroup;
			children = (
				184EEF0F26383EDD00C7BAE5 /* tabBarRouter.swift */,
			);
			path = Router;
			sourceTree = "<group>";
		};
		184EEF0B26383E9B00C7BAE5 /* Model */ = {
			isa = PBXGroup;
			children = (
			);
			path = Model;
			sourceTree = "<group>";
		};
		184EEF0C26383EA400C7BAE5 /* Interactor */ = {
			isa = PBXGroup;
			children = (
			);
			path = Interactor;
			sourceTree = "<group>";
		};
		184EEF0D26383EAC00C7BAE5 /* Presenter */ = {
			isa = PBXGroup;
			children = (
				184EEF1226383F4B00C7BAE5 /* tabBarProtocols.swift */,
				184EEF1526383F5500C7BAE5 /* tabBarPresenter.swift */,
			);
			path = Presenter;
			sourceTree = "<group>";
		};
		1885C7392639605D0043E47A /* Resturant */ = {
			isa = PBXGroup;
			children = (
				1885C73E263960B40043E47A /* View */,
				1885C73D263960A50043E47A /* Presenter */,
				1885C73C263960980043E47A /* Interactor */,
				1885C73B263960920043E47A /* Model */,
				1885C73A263960890043E47A /* Router */,
			);
			path = Resturant;
			sourceTree = "<group>";
		};
		1885C73A263960890043E47A /* Router */ = {
			isa = PBXGroup;
			children = (
				1885C75C263961700043E47A /* ResturantRouter.swift */,
			);
			path = Router;
			sourceTree = "<group>";
		};
		1885C73B263960920043E47A /* Model */ = {
			isa = PBXGroup;
			children = (
				1885C759263961660043E47A /* ResturantModel.swift */,
			);
			path = Model;
			sourceTree = "<group>";
		};
		1885C73C263960980043E47A /* Interactor */ = {
			isa = PBXGroup;
			children = (
				1885C753263961440043E47A /* ResturantEndpont.swift */,
				1885C756263961590043E47A /* ResturantInteractor.swift */,
			);
			path = Interactor;
			sourceTree = "<group>";
		};
		1885C73D263960A50043E47A /* Presenter */ = {
			isa = PBXGroup;
			children = (
				1885C74D263961200043E47A /* ResturantProtocols.swift */,
				1885C7502639612F0043E47A /* ResturantPresenter.swift */,
			);
			path = Presenter;
			sourceTree = "<group>";
		};
		1885C73E263960B40043E47A /* View */ = {
			isa = PBXGroup;
			children = (
				1885C741263960D40043E47A /* Storyboard */,
				1885C740263960C80043E47A /* Controller */,
			);
			path = View;
			sourceTree = "<group>";
		};
		1885C740263960C80043E47A /* Controller */ = {
			isa = PBXGroup;
			children = (
				1885C745263960FC0043E47A /* ResturantViewController.swift */,
				1885C749263961110043E47A /* ResturantViewEXtension.swift */,
			);
			path = Controller;
			sourceTree = "<group>";
		};
		1885C741263960D40043E47A /* Storyboard */ = {
			isa = PBXGroup;
			children = (
				1885C742263960EF0043E47A /* ResturantView.storyboard */,
			);
			path = Storyboard;
			sourceTree = "<group>";
		};
		1885C75F263961760043E47A /* Booking */ = {
			isa = PBXGroup;
			children = (
				1885C764263961A40043E47A /* View */,
				1885C7632639619B0043E47A /* Presenter */,
				1885C762263961940043E47A /* Model */,
				1885C761263961870043E47A /* Interactor */,
				1885C7602639617E0043E47A /* Router */,
			);
			path = Booking;
			sourceTree = "<group>";
		};
		1885C7602639617E0043E47A /* Router */ = {
			isa = PBXGroup;
			children = (
				1885C777263962720043E47A /* BookingRouter.swift */,
			);
			path = Router;
			sourceTree = "<group>";
		};
		1885C761263961870043E47A /* Interactor */ = {
			isa = PBXGroup;
			children = (
				1885C771263962560043E47A /* BookingEndpoint.swift */,
				1885C774263962660043E47A /* BookingInteractor.swift */,
			);
			path = Interactor;
			sourceTree = "<group>";
		};
		1885C762263961940043E47A /* Model */ = {
			isa = PBXGroup;
			children = (
				1885C76E263962470043E47A /* BookingModel.swift */,
			);
			path = Model;
			sourceTree = "<group>";
		};
		1885C7632639619B0043E47A /* Presenter */ = {
			isa = PBXGroup;
			children = (
				1885C767263962310043E47A /* BookingProtocols.swift */,
				1885C76B2639623E0043E47A /* BookingPresenter.swift */,
			);
			path = Presenter;
			sourceTree = "<group>";
		};
		1885C764263961A40043E47A /* View */ = {
			isa = PBXGroup;
			children = (
				1885C766263962170043E47A /* Storyboard */,
				1885C7652639620D0043E47A /* Controller */,
			);
			path = View;
			sourceTree = "<group>";
		};
		1885C7652639620D0043E47A /* Controller */ = {
			isa = PBXGroup;
			children = (
				1885C77A263962890043E47A /* BookingViewExtension.swift */,
				1885C77D263962950043E47A /* BookingViewController.swift */,
			);
			path = Controller;
			sourceTree = "<group>";
		};
		1885C766263962170043E47A /* Storyboard */ = {
			isa = PBXGroup;
			children = (
				1885C780263962A20043E47A /* BookingView.storyboard */,
			);
			path = Storyboard;
			sourceTree = "<group>";
		};
		1885C783263962B40043E47A /* Hotels */ = {
			isa = PBXGroup;
			children = (
				1885C788263962EE0043E47A /* View */,
				1885C787263962E50043E47A /* Presenter */,
				1885C786263962D90043E47A /* Interactor */,
				1885C785263962D30043E47A /* Model */,
				1885C784263962CA0043E47A /* Router */,
			);
			path = Hotels;
			sourceTree = "<group>";
		};
		1885C784263962CA0043E47A /* Router */ = {
			isa = PBXGroup;
			children = (
				1885C7A32639637A0043E47A /* HotelsRouter.swift */,
			);
			path = Router;
			sourceTree = "<group>";
		};
		1885C785263962D30043E47A /* Model */ = {
			isa = PBXGroup;
			children = (
				1885C7A0263963710043E47A /* HotelsModel.swift */,
			);
			path = Model;
			sourceTree = "<group>";
		};
		1885C786263962D90043E47A /* Interactor */ = {
			isa = PBXGroup;
			children = (
				1885C79A263963580043E47A /* HotelsEndpoint.swift */,
				1885C79D263963650043E47A /* HotelsInteractor.swift */,
			);
			path = Interactor;
			sourceTree = "<group>";
		};
		1885C787263962E50043E47A /* Presenter */ = {
			isa = PBXGroup;
			children = (
				1885C7942639633D0043E47A /* HotelsProtocols.swift */,
				1885C797263963480043E47A /* HotelsPresenter.swift */,
			);
			path = Presenter;
			sourceTree = "<group>";
		};
		1885C788263962EE0043E47A /* View */ = {
			isa = PBXGroup;
			children = (
				1885C78A263962FC0043E47A /* storyboard */,
				1885C789263962F50043E47A /* Controller */,
			);
			path = View;
			sourceTree = "<group>";
		};
		1885C789263962F50043E47A /* Controller */ = {
			isa = PBXGroup;
			children = (
				1885C78E2639631B0043E47A /* HotelsViewController.swift */,
				1885C791263963310043E47A /* HotelsViewExtension.swift */,
			);
			path = Controller;
			sourceTree = "<group>";
		};
		1885C78A263962FC0043E47A /* storyboard */ = {
			isa = PBXGroup;
			children = (
				1885C78B2639630E0043E47A /* HotelsView.storyboard */,
			);
			path = storyboard;
			sourceTree = "<group>";
		};
		1885C7A62639638A0043E47A /* Market */ = {
			isa = PBXGroup;
			children = (
				1885C7AB263963B40043E47A /* View */,
				1885C7AA263963AB0043E47A /* Presenter */,
				1885C7A9263963A40043E47A /* Interactor */,
				1885C7A82639639E0043E47A /* Model */,
				1885C7A7263963960043E47A /* Router */,
			);
			path = Market;
			sourceTree = "<group>";
		};
		1885C7A7263963960043E47A /* Router */ = {
			isa = PBXGroup;
			children = (
				1885C7C8263964450043E47A /* MarketRouter.swift */,
			);
			path = Router;
			sourceTree = "<group>";
		};
		1885C7A82639639E0043E47A /* Model */ = {
			isa = PBXGroup;
			children = (
				1885C7C52639643A0043E47A /* MarketModel.swift */,
			);
			path = Model;
			sourceTree = "<group>";
		};
		1885C7A9263963A40043E47A /* Interactor */ = {
			isa = PBXGroup;
			children = (
				1885C7BE2639641B0043E47A /* MarketEndpoint.swift */,
				1885C7C22639642D0043E47A /* Marketnteractor.swift */,
			);
			path = Interactor;
			sourceTree = "<group>";
		};
		1885C7AA263963AB0043E47A /* Presenter */ = {
			isa = PBXGroup;
			children = (
				1885C7B8263964020043E47A /* MarketProtocols.swift */,
				1885C7BB2639640D0043E47A /* MarketPresenter.swift */,
			);
			path = Presenter;
			sourceTree = "<group>";
		};
		1885C7AB263963B40043E47A /* View */ = {
			isa = PBXGroup;
			children = (
				1885C7AD263963C30043E47A /* Storyboard */,
				1885C7AC263963BC0043E47A /* Controller */,
			);
			path = View;
			sourceTree = "<group>";
		};
		1885C7AC263963BC0043E47A /* Controller */ = {
			isa = PBXGroup;
			children = (
				1885C7B1263963E70043E47A /* MarketViewController.swift */,
				1885C7B5263963F70043E47A /* MarketViewExtension.swift */,
			);
			path = Controller;
			sourceTree = "<group>";
		};
		1885C7AD263963C30043E47A /* Storyboard */ = {
			isa = PBXGroup;
			children = (
				1885C7AE263963D50043E47A /* MarketView.storyboard */,
			);
			path = Storyboard;
			sourceTree = "<group>";
		};
		1885C7CB26397BDB0043E47A /* sideMenu */ = {
			isa = PBXGroup;
			children = (
				1885C7D026397C050043E47A /* View */,
				1885C7CF26397BFD0043E47A /* Presneter */,
				1885C7CE26397BF20043E47A /* Interactor */,
				1885C7CD26397BEA0043E47A /* Router */,
				1885C7CC26397BE40043E47A /* Model */,
			);
			path = sideMenu;
			sourceTree = "<group>";
		};
		1885C7CC26397BE40043E47A /* Model */ = {
			isa = PBXGroup;
			children = (
				18082B6A263EE6BF00A80C7B /* SideMenuData.swift */,
				188844DC263FFD9F001F77C1 /* CellData.swift */,
			);
			path = Model;
			sourceTree = "<group>";
		};
		1885C7CD26397BEA0043E47A /* Router */ = {
			isa = PBXGroup;
			children = (
				1885C7DF26397C5A0043E47A /* sideMenuRouter.swift */,
			);
			path = Router;
			sourceTree = "<group>";
		};
		1885C7CE26397BF20043E47A /* Interactor */ = {
			isa = PBXGroup;
			children = (
				1885C7D926397C410043E47A /* sideMenuEndpoint.swift */,
				1885C7DC26397C4D0043E47A /* sideMenuInteractor.swift */,
			);
			path = Interactor;
			sourceTree = "<group>";
		};
		1885C7CF26397BFD0043E47A /* Presneter */ = {
			isa = PBXGroup;
			children = (
				1885C7D326397C280043E47A /* sideMenuProtocols.swift */,
				1885C7D626397C330043E47A /* sideMenuPresenter.swift */,
			);
			path = Presneter;
			sourceTree = "<group>";
		};
		1885C7D026397C050043E47A /* View */ = {
			isa = PBXGroup;
			children = (
				1885C7EB26397E2F0043E47A /* Cell */,
				1885C7D226397C110043E47A /* storyboard */,
				1885C7D126397C0A0043E47A /* Controller */,
			);
			path = View;
			sourceTree = "<group>";
		};
		1885C7D126397C0A0043E47A /* Controller */ = {
			isa = PBXGroup;
			children = (
				1885C7E226397C6C0043E47A /* sideMenuViewExtension.swift */,
				1885C7E526397C7E0043E47A /* sideMenuViewController.swift */,
			);
			path = Controller;
			sourceTree = "<group>";
		};
		1885C7D226397C110043E47A /* storyboard */ = {
			isa = PBXGroup;
			children = (
				1885C7E826397C8E0043E47A /* sideMenuView.storyboard */,
			);
			path = storyboard;
			sourceTree = "<group>";
		};
		1885C7EB26397E2F0043E47A /* Cell */ = {
			isa = PBXGroup;
			children = (
				1885C7EC26397E4E0043E47A /* sideMenuCell.swift */,
				1885C7ED26397E4E0043E47A /* sideMenuCell.xib */,
			);
			path = Cell;
			sourceTree = "<group>";
		};
		18EDDE1A2636F06200826E46 = {
			isa = PBXGroup;
			children = (
				18EDDE252636F06200826E46 /* The Key Discount */,
				18EDDE242636F06200826E46 /* Products */,
				A998B769F6BFD618D948EACA /* Pods */,
				7AE31773B48213BD96E6F0DF /* Frameworks */,
			);
			sourceTree = "<group>";
		};
		18EDDE242636F06200826E46 /* Products */ = {
			isa = PBXGroup;
			children = (
				18EDDE232636F06200826E46 /* The Key Discount.app */,
			);
			name = Products;
			sourceTree = "<group>";
		};
		18EDDE252636F06200826E46 /* The Key Discount */ = {
			isa = PBXGroup;
			children = (
				18EDDE402636F31200826E46 /* Sences */,
				18EDDE3F2636F30A00826E46 /* Helpers */,
				18EDDE3E2636F2FA00826E46 /* Extensions */,
				18EDDE3D2636F2EB00826E46 /* Configuration */,
				18EDDE3C2636F2DC00826E46 /* AppFiles */,
			);
			path = "The Key Discount";
			sourceTree = "<group>";
		};
		18EDDE3C2636F2DC00826E46 /* AppFiles */ = {
			isa = PBXGroup;
			children = (
				18EDDE2F2636F06600826E46 /* Assets.xcassets */,
				18EDDE312636F06600826E46 /* LaunchScreen.storyboard */,
				18EDDE262636F06200826E46 /* AppDelegate.swift */,
				18EDDE282636F06200826E46 /* SceneDelegate.swift */,
			);
			path = AppFiles;
			sourceTree = "<group>";
		};
		18EDDE3D2636F2EB00826E46 /* Configuration */ = {
			isa = PBXGroup;
			children = (
				18EDDE342636F06600826E46 /* Info.plist */,
				8545786C2639938700094BB4 /* Localizable.strings */,
			);
			path = Configuration;
			sourceTree = "<group>";
		};
		18EDDE3E2636F2FA00826E46 /* Extensions */ = {
			isa = PBXGroup;
			children = (
				18EDDE782636F69400826E46 /* ViewControllerExtension.swift */,
				18EDDEB726380A4400826E46 /* TextFiledExxtension.swift */,
				18EDDEBA26380A7B00826E46 /* LabelExtension.swift */,
				18EDDEBD26380AAB00826E46 /* StringExtension.swift */,
				18EDDEC026380BEA00826E46 /* ButtonExtension.swift */,
				18EDDEC426380C3800826E46 /* UiImageExtension.swift */,
				18EDDECA26380D6B00826E46 /* ColorExtension.swift */,
				184EEF18263847A400C7BAE5 /* uiviewExtension.swift */,
			);
			path = Extensions;
			sourceTree = "<group>";
		};
		18EDDE3F2636F30A00826E46 /* Helpers */ = {
			isa = PBXGroup;
			children = (
				18EDDE772636F65800826E46 /* Views */,
				18EDDE762636F64900826E46 /* Classes */,
				18EDDEC726380C8700826E46 /* Constant.swift */,
			);
			path = Helpers;
			sourceTree = "<group>";
		};
		18EDDE402636F31200826E46 /* Sences */ = {
			isa = PBXGroup;
			children = (
				1885C7CB26397BDB0043E47A /* sideMenu */,
				18EDDED22638278000826E46 /* HomeModule */,
				18EDDE432636F35300826E46 /* userManagementModule */,
			);
			path = Sences;
			sourceTree = "<group>";
		};
		18EDDE432636F35300826E46 /* userManagementModule */ = {
			isa = PBXGroup;
			children = (
				85DE82BD26400DD000BAB2E3 /* Confirm Password */,
				8516F480263EE3C3002DAF3E /* Forget Password */,
				18EDDE912636FB0500826E46 /* SplashScreen */,
				18EDDE442636F37000826E46 /* Login */,
				8545785526398A5B00094BB4 /* Sign up */,
			);
			path = userManagementModule;
			sourceTree = "<group>";
		};
		18EDDE442636F37000826E46 /* Login */ = {
			isa = PBXGroup;
			children = (
				18EDDE482636F39F00826E46 /* Views */,
				18EDDE472636F39200826E46 /* Presenter */,
				18EDDE492636F3AE00826E46 /* Model */,
				18EDDE462636F38500826E46 /* interactor */,
				18EDDE452636F37700826E46 /* router */,
			);
			path = Login;
			sourceTree = "<group>";
		};
		18EDDE452636F37700826E46 /* router */ = {
			isa = PBXGroup;
			children = (
				18EDDE612636F49F00826E46 /* LoginRouter.swift */,
			);
			path = router;
			sourceTree = "<group>";
		};
		18EDDE462636F38500826E46 /* interactor */ = {
			isa = PBXGroup;
			children = (
				18EDDE5B2636F48200826E46 /* LoginEndpoint.swift */,
				18EDDE5E2636F49100826E46 /* LoginInteractor.swift */,
			);
			path = interactor;
			sourceTree = "<group>";
		};
		18EDDE472636F39200826E46 /* Presenter */ = {
			isa = PBXGroup;
			children = (
				18EDDE522636F45100826E46 /* LoginProtocols.swift */,
				18EDDE552636F46400826E46 /* LoginPresenter.swift */,
			);
			path = Presenter;
			sourceTree = "<group>";
		};
		18EDDE482636F39F00826E46 /* Views */ = {
			isa = PBXGroup;
			children = (
				18EDDE4B2636F3C800826E46 /* Strotboard */,
				18EDDE4A2636F3C000826E46 /* Controller */,
			);
			path = Views;
			sourceTree = "<group>";
		};
		18EDDE492636F3AE00826E46 /* Model */ = {
			isa = PBXGroup;
			children = (
				18EDDE582636F47000826E46 /* LoginModel.swift */,
			);
			path = Model;
			sourceTree = "<group>";
		};
		18EDDE4A2636F3C000826E46 /* Controller */ = {
			isa = PBXGroup;
			children = (
				18EDDE4F2636F43F00826E46 /* LoginViewController.swift */,
				18EDDE642636F4C500826E46 /* LoginViewExtension.swift */,
			);
			path = Controller;
			sourceTree = "<group>";
		};
		18EDDE4B2636F3C800826E46 /* Strotboard */ = {
			isa = PBXGroup;
			children = (
				18EDDE4C2636F42200826E46 /* LoginViewController.storyboard */,
			);
			path = Strotboard;
			sourceTree = "<group>";
		};
		18EDDE762636F64900826E46 /* Classes */ = {
			isa = PBXGroup;
			children = (
				18EDDE6C2636F5A700826E46 /* BasesProtocols.swift */,
				18EDDE702636F5C700826E46 /* BasePresenter.swift */,
				18EDDE732636F5EE00826E46 /* BaseViewController.swift */,
			);
			path = Classes;
			sourceTree = "<group>";
		};
		18EDDE772636F65800826E46 /* Views */ = {
			isa = PBXGroup;
			children = (
				18EDDE7B2636F70D00826E46 /* alertWithOneButton.swift */,
				18EDDE7C2636F70D00826E46 /* alertWithOneButton.xib */,
				18EDDE8C2636F8F300826E46 /* alertWithTwoButtons.swift */,
				18EDDE8D2636F8F300826E46 /* alertWithTwoButtons.xib */,
			);
			path = Views;
			sourceTree = "<group>";
		};
		18EDDE912636FB0500826E46 /* SplashScreen */ = {
			isa = PBXGroup;
			children = (
				18EDDE952636FB4400826E46 /* View */,
				18EDDE962636FB4B00826E46 /* Presenter */,
				18EDDE942636FB3D00826E46 /* Model */,
				18EDDE932636FB3300826E46 /* Interactor */,
				18EDDE922636FB2700826E46 /* Router */,
			);
			path = SplashScreen;
			sourceTree = "<group>";
		};
		18EDDE922636FB2700826E46 /* Router */ = {
			isa = PBXGroup;
			children = (
				18EDDEB02636FBC900826E46 /* SplashScreenRouter.swift */,
			);
			path = Router;
			sourceTree = "<group>";
		};
		18EDDE932636FB3300826E46 /* Interactor */ = {
			isa = PBXGroup;
			children = (
				18EDDEAA2636FBAC00826E46 /* SplashScreenEndpoint.swift */,
				18EDDEAD2636FBBE00826E46 /* SplashScreenInteractor.swift */,
			);
			path = Interactor;
			sourceTree = "<group>";
		};
		18EDDE942636FB3D00826E46 /* Model */ = {
			isa = PBXGroup;
			children = (
				18EDDEA72636FBA100826E46 /* SplashScreenModel.swift */,
			);
			path = Model;
			sourceTree = "<group>";
		};
		18EDDE952636FB4400826E46 /* View */ = {
			isa = PBXGroup;
			children = (
				18EDDE9F2636FB7800826E46 /* Controller */,
				18EDDE9E2636FB6C00826E46 /* Storyborad */,
			);
			path = View;
			sourceTree = "<group>";
		};
		18EDDE962636FB4B00826E46 /* Presenter */ = {
			isa = PBXGroup;
			children = (
				18EDDE972636FB5E00826E46 /* SplashScreenProtocols.swift */,
				18EDDE9B2636FB6800826E46 /* SplashScreenPresenter.swift */,
			);
			path = Presenter;
			sourceTree = "<group>";
		};
		18EDDE9E2636FB6C00826E46 /* Storyborad */ = {
			isa = PBXGroup;
			children = (
				18EDDEA42636FB8D00826E46 /* SplashScreen.storyboard */,
			);
			path = Storyborad;
			sourceTree = "<group>";
		};
		18EDDE9F2636FB7800826E46 /* Controller */ = {
			isa = PBXGroup;
			children = (
				18EDDEA02636FB8500826E46 /* SplashScreenViewController.swift */,
			);
			path = Controller;
			sourceTree = "<group>";
		};
		18EDDED22638278000826E46 /* HomeModule */ = {
			isa = PBXGroup;
			children = (
				1885C7A62639638A0043E47A /* Market */,
				1885C783263962B40043E47A /* Hotels */,
				1885C75F263961760043E47A /* Booking */,
				1885C7392639605D0043E47A /* Resturant */,
				18EDDEF4263828A000826E46 /* HomeTabBar */,
				18EDDED32638278900826E46 /* Home */,
			);
			path = HomeModule;
			sourceTree = "<group>";
		};
		18EDDED32638278900826E46 /* Home */ = {
			isa = PBXGroup;
			children = (
				18EDDED8263827CA00826E46 /* View */,
				18EDDED7263827C300826E46 /* Presenter */,
				18EDDED6263827BD00826E46 /* Model */,
				18EDDED5263827AF00826E46 /* Interactor */,
				18EDDED42638279000826E46 /* Router */,
			);
			path = Home;
			sourceTree = "<group>";
		};
		18EDDED42638279000826E46 /* Router */ = {
			isa = PBXGroup;
			children = (
				18EDDEF12638285500826E46 /* HomeRouter.swift */,
			);
			path = Router;
			sourceTree = "<group>";
		};
		18EDDED5263827AF00826E46 /* Interactor */ = {
			isa = PBXGroup;
			children = (
				18EDDEEB2638283E00826E46 /* HomeInteractor.swift */,
				18EDDEEE2638284A00826E46 /* HomeEndpoint.swift */,
			);
			path = Interactor;
			sourceTree = "<group>";
		};
		18EDDED6263827BD00826E46 /* Model */ = {
			isa = PBXGroup;
			children = (
			);
			path = Model;
			sourceTree = "<group>";
		};
		18EDDED7263827C300826E46 /* Presenter */ = {
			isa = PBXGroup;
			children = (
				18EDDEE52638282200826E46 /* HomeProtocol.swift */,
				18EDDEE82638282E00826E46 /* HomePresenter.swift */,
			);
			path = Presenter;
			sourceTree = "<group>";
		};
		18EDDED8263827CA00826E46 /* View */ = {
			isa = PBXGroup;
			children = (
				18EDDEDB263827DD00826E46 /* Storyborad */,
				18EDDEDA263827D800826E46 /* Cells */,
				18EDDED9263827CF00826E46 /* Controller */,
			);
			path = View;
			sourceTree = "<group>";
		};
		18EDDED9263827CF00826E46 /* Controller */ = {
			isa = PBXGroup;
			children = (
				18EDDEDF263827FD00826E46 /* HomeViewController.swift */,
				18EDDEE22638280C00826E46 /* HomeViewExtension.swift */,
			);
			path = Controller;
			sourceTree = "<group>";
		};
		18EDDEDA263827D800826E46 /* Cells */ = {
			isa = PBXGroup;
			children = (
			);
			path = Cells;
			sourceTree = "<group>";
		};
		18EDDEDB263827DD00826E46 /* Storyborad */ = {
			isa = PBXGroup;
			children = (
				18EDDEDC263827EF00826E46 /* HomeView.storyboard */,
			);
			path = Storyborad;
			sourceTree = "<group>";
		};
		18EDDEF4263828A000826E46 /* HomeTabBar */ = {
			isa = PBXGroup;
			children = (
				18EDDEF9263828CE00826E46 /* View */,
				184EEF0D26383EAC00C7BAE5 /* Presenter */,
				184EEF0C26383EA400C7BAE5 /* Interactor */,
				184EEF0B26383E9B00C7BAE5 /* Model */,
				184EEF0A26383E8F00C7BAE5 /* Router */,
			);
			path = HomeTabBar;
			sourceTree = "<group>";
		};
		18EDDEF9263828CE00826E46 /* View */ = {
			isa = PBXGroup;
			children = (
				18EDDEFB263828DB00826E46 /* Storyboard */,
				18EDDEFA263828D300826E46 /* Controller */,
			);
			path = View;
			sourceTree = "<group>";
		};
		18EDDEFA263828D300826E46 /* Controller */ = {
			isa = PBXGroup;
			children = (
				18EDDEFF263828FE00826E46 /* HomeTabBarViewController.swift */,
				18EDDF022638291900826E46 /* HomeTabExtension.swift */,
			);
			path = Controller;
			sourceTree = "<group>";
		};
		18EDDEFB263828DB00826E46 /* Storyboard */ = {
			isa = PBXGroup;
			children = (
				18EDDEFC263828EE00826E46 /* HomeTabBar.storyboard */,
			);
			path = Storyboard;
			sourceTree = "<group>";
		};
		7AE31773B48213BD96E6F0DF /* Frameworks */ = {
			isa = PBXGroup;
			children = (
				C23845811EDB46EE02E3043D /* Pods_The_Key_Discount.framework */,
			);
			name = Frameworks;
			sourceTree = "<group>";
		};
		8516F447263EBCA2002DAF3E /* Router */ = {
			isa = PBXGroup;
			children = (
				8516F448263EBCD4002DAF3E /* SignupScreenRouter.swift */,
			);
			path = Router;
			sourceTree = "<group>";
		};
		8516F44B263EBD33002DAF3E /* Presenter */ = {
			isa = PBXGroup;
			children = (
				8516F44C263EBD6A002DAF3E /* SignupProtocols.swift */,
				8516F44F263EBD85002DAF3E /* SignupPresenter.swift */,
			);
			path = Presenter;
			sourceTree = "<group>";
		};
		8516F46C263ED8D0002DAF3E /* Interactor */ = {
			isa = PBXGroup;
			children = (
				8516F46D263ED91E002DAF3E /* SignUpScreenEndpoint.swift */,
				8516F471263ED940002DAF3E /* SignUpScreenInteractor.swift */,
			);
			path = Interactor;
			sourceTree = "<group>";
		};
		8516F474263ED96A002DAF3E /* Model */ = {
			isa = PBXGroup;
			children = (
				8516F475263ED98B002DAF3E /* SignupModel.swift */,
			);
			path = Model;
			sourceTree = "<group>";
		};
		8516F480263EE3C3002DAF3E /* Forget Password */ = {
			isa = PBXGroup;
			children = (
				8516F481263EE3DF002DAF3E /* View */,
				8516F482263EE3F6002DAF3E /* Presenter */,
				854DF875263FF84E00712948 /* Model */,
				854DF874263FF83F00712948 /* Interactor */,
				854DF873263FF82E00712948 /* Router */,
			);
			path = "Forget Password";
			sourceTree = "<group>";
		};
		8516F481263EE3DF002DAF3E /* View */ = {
			isa = PBXGroup;
			children = (
				8516F484263EE419002DAF3E /* Storyboard */,
				8516F483263EE40C002DAF3E /* Controoller */,
			);
			path = View;
			sourceTree = "<group>";
		};
		8516F482263EE3F6002DAF3E /* Presenter */ = {
			isa = PBXGroup;
			children = (
				854DF876263FF8A400712948 /* ForgetPasswordProtocols.swift */,
				854DF879263FF8C400712948 /* ForgetPasswordPresenter.swift */,
			);
			path = Presenter;
			sourceTree = "<group>";
		};
		8516F483263EE40C002DAF3E /* Controoller */ = {
			isa = PBXGroup;
			children = (
				8516F488263EE4D2002DAF3E /* ForgetPasswordViewController.swift */,
				8516F48B263EE50A002DAF3E /* ForgetPasswordViewExtension.swift */,
			);
			path = Controoller;
			sourceTree = "<group>";
		};
		8516F484263EE419002DAF3E /* Storyboard */ = {
			isa = PBXGroup;
			children = (
				8516F485263EE466002DAF3E /* ForgetPasswordViewController.storyboard */,
			);
			path = Storyboard;
			sourceTree = "<group>";
		};
		8545785526398A5B00094BB4 /* Sign up */ = {
			isa = PBXGroup;
			children = (
				8545785626398A9700094BB4 /* View */,
				8516F44B263EBD33002DAF3E /* Presenter */,
				8516F474263ED96A002DAF3E /* Model */,
				8516F46C263ED8D0002DAF3E /* Interactor */,
				8516F447263EBCA2002DAF3E /* Router */,
			);
			path = "Sign up";
			sourceTree = "<group>";
		};
		8545785626398A9700094BB4 /* View */ = {
			isa = PBXGroup;
			children = (
				8545785726398AA400094BB4 /* Storyboard */,
				8545785F263991C200094BB4 /* Controller */,
			);
			path = View;
			sourceTree = "<group>";
		};
		8545785726398AA400094BB4 /* Storyboard */ = {
			isa = PBXGroup;
			children = (
				8545785C26398B6900094BB4 /* SignupViewController.storyboard */,
			);
			path = Storyboard;
			sourceTree = "<group>";
		};
		8545785F263991C200094BB4 /* Controller */ = {
			isa = PBXGroup;
			children = (
				85457860263991FB00094BB4 /* SignupViewController.swift */,
				854578642639922D00094BB4 /* SignupViewConrollerExtension.swift */,
			);
			path = Controller;
			sourceTree = "<group>";
		};
		854DF873263FF82E00712948 /* Router */ = {
			isa = PBXGroup;
			children = (
				854DF87D263FF9A600712948 /* ForgetPasswordScreenRouter.swift */,
			);
			path = Router;
			sourceTree = "<group>";
		};
		854DF874263FF83F00712948 /* Interactor */ = {
			isa = PBXGroup;
			children = (
				854DF889263FFA9700712948 /* ForgetPasswordScreenEndpoint.swift */,
				854DF88C263FFABA00712948 /* ForgetPasswordScreenInteractor.swift */,
			);
			path = Interactor;
			sourceTree = "<group>";
		};
		854DF875263FF84E00712948 /* Model */ = {
			isa = PBXGroup;
			children = (
				854DF886263FFA5800712948 /* ForgetPasswordModel.swift */,
			);
			path = Model;
			sourceTree = "<group>";
		};
		85DE82BD26400DD000BAB2E3 /* Confirm Password */ = {
			isa = PBXGroup;
			children = (
				85DE82BE26400DE100BAB2E3 /* View */,
				85DE82BF26400DE800BAB2E3 /* Presenter */,
				85DE82C026400DF000BAB2E3 /* Model */,
				85DE82C126400DFC00BAB2E3 /* Interactor */,
				85DE82C226400E0600BAB2E3 /* Router */,
			);
			path = "Confirm Password";
			sourceTree = "<group>";
		};
		85DE82BE26400DE100BAB2E3 /* View */ = {
			isa = PBXGroup;
			children = (
				85DE82C326400E1900BAB2E3 /* Storyboerd */,
				85DE82C426400E2300BAB2E3 /* Controllers */,
			);
			path = View;
			sourceTree = "<group>";
		};
		85DE82BF26400DE800BAB2E3 /* Presenter */ = {
			isa = PBXGroup;
			children = (
			);
			path = Presenter;
			sourceTree = "<group>";
		};
		85DE82C026400DF000BAB2E3 /* Model */ = {
			isa = PBXGroup;
			children = (
			);
			path = Model;
			sourceTree = "<group>";
		};
		85DE82C126400DFC00BAB2E3 /* Interactor */ = {
			isa = PBXGroup;
			children = (
			);
			path = Interactor;
			sourceTree = "<group>";
		};
		85DE82C226400E0600BAB2E3 /* Router */ = {
			isa = PBXGroup;
			children = (
			);
			path = Router;
			sourceTree = "<group>";
		};
		85DE82C326400E1900BAB2E3 /* Storyboerd */ = {
			isa = PBXGroup;
			children = (
				85DE82C526400E5000BAB2E3 /* ConfirmPasswordViewController.storyboard */,
			);
			path = Storyboerd;
			sourceTree = "<group>";
		};
		85DE82C426400E2300BAB2E3 /* Controllers */ = {
			isa = PBXGroup;
			children = (
			);
			path = Controllers;
			sourceTree = "<group>";
		};
		A998B769F6BFD618D948EACA /* Pods */ = {
			isa = PBXGroup;
			children = (
				19463BF0A94E14821478CFEF /* Pods-The Key Discount.debug.xcconfig */,
				A4EACC3B8AB965E2638EE634 /* Pods-The Key Discount.release.xcconfig */,
			);
			path = Pods;
			sourceTree = "<group>";
		};
/* End PBXGroup section */

/* Begin PBXNativeTarget section */
		18EDDE222636F06200826E46 /* The Key Discount */ = {
			isa = PBXNativeTarget;
			buildConfigurationList = 18EDDE372636F06600826E46 /* Build configuration list for PBXNativeTarget "The Key Discount" */;
			buildPhases = (
				C1DC8B3F1E59C3C73B6AC3D6 /* [CP] Check Pods Manifest.lock */,
				18EDDE1F2636F06200826E46 /* Sources */,
				18EDDE202636F06200826E46 /* Frameworks */,
				18EDDE212636F06200826E46 /* Resources */,
				6DAF361735B02366B0198006 /* [CP] Embed Pods Frameworks */,
			);
			buildRules = (
			);
			dependencies = (
			);
			name = "The Key Discount";
			productName = "The Key Discount";
			productReference = 18EDDE232636F06200826E46 /* The Key Discount.app */;
			productType = "com.apple.product-type.application";
		};
/* End PBXNativeTarget section */

/* Begin PBXProject section */
		18EDDE1B2636F06200826E46 /* Project object */ = {
			isa = PBXProject;
			attributes = {
				LastSwiftUpdateCheck = 1240;
				LastUpgradeCheck = 1240;
				TargetAttributes = {
					18EDDE222636F06200826E46 = {
						CreatedOnToolsVersion = 12.4;
					};
				};
			};
			buildConfigurationList = 18EDDE1E2636F06200826E46 /* Build configuration list for PBXProject "The Key Discount" */;
			compatibilityVersion = "Xcode 9.3";
			developmentRegion = en;
			hasScannedForEncodings = 0;
			knownRegions = (
				en,
				Base,
				ar,
			);
			mainGroup = 18EDDE1A2636F06200826E46;
			productRefGroup = 18EDDE242636F06200826E46 /* Products */;
			projectDirPath = "";
			projectRoot = "";
			targets = (
				18EDDE222636F06200826E46 /* The Key Discount */,
			);
		};
/* End PBXProject section */

/* Begin PBXResourcesBuildPhase section */
		18EDDE212636F06200826E46 /* Resources */ = {
			isa = PBXResourcesBuildPhase;
			buildActionMask = 2147483647;
			files = (
				1885C743263960EF0043E47A /* ResturantView.storyboard in Resources */,
				1885C7E926397C8E0043E47A /* sideMenuView.storyboard in Resources */,
				1885C781263962A20043E47A /* BookingView.storyboard in Resources */,
				18EDDE4D2636F42200826E46 /* LoginViewController.storyboard in Resources */,
				18EDDEFD263828EE00826E46 /* HomeTabBar.storyboard in Resources */,
				8516F486263EE466002DAF3E /* ForgetPasswordViewController.storyboard in Resources */,
				8545785D26398B6900094BB4 /* SignupViewController.storyboard in Resources */,
				18EDDEDD263827EF00826E46 /* HomeView.storyboard in Resources */,
				1885C7AF263963D50043E47A /* MarketView.storyboard in Resources */,
				1885C7EF26397E4E0043E47A /* sideMenuCell.xib in Resources */,
				18EDDE7E2636F70D00826E46 /* alertWithOneButton.xib in Resources */,
				8545786A2639938700094BB4 /* Localizable.strings in Resources */,
				85DE82C626400E5000BAB2E3 /* ConfirmPasswordViewController.storyboard in Resources */,
				18EDDE332636F06600826E46 /* LaunchScreen.storyboard in Resources */,
				18EDDE8F2636F8F300826E46 /* alertWithTwoButtons.xib in Resources */,
				18EDDE302636F06600826E46 /* Assets.xcassets in Resources */,
				18EDDEA52636FB8D00826E46 /* SplashScreen.storyboard in Resources */,
				1885C78C2639630E0043E47A /* HotelsView.storyboard in Resources */,
			);
			runOnlyForDeploymentPostprocessing = 0;
		};
/* End PBXResourcesBuildPhase section */

/* Begin PBXShellScriptBuildPhase section */
		6DAF361735B02366B0198006 /* [CP] Embed Pods Frameworks */ = {
			isa = PBXShellScriptBuildPhase;
			buildActionMask = 2147483647;
			files = (
			);
			inputFileListPaths = (
				"${PODS_ROOT}/Target Support Files/Pods-The Key Discount/Pods-The Key Discount-frameworks-${CONFIGURATION}-input-files.xcfilelist",
			);
			name = "[CP] Embed Pods Frameworks";
			outputFileListPaths = (
				"${PODS_ROOT}/Target Support Files/Pods-The Key Discount/Pods-The Key Discount-frameworks-${CONFIGURATION}-output-files.xcfilelist",
			);
			runOnlyForDeploymentPostprocessing = 0;
			shellPath = /bin/sh;
			shellScript = "\"${PODS_ROOT}/Target Support Files/Pods-The Key Discount/Pods-The Key Discount-frameworks.sh\"\n";
			showEnvVarsInLog = 0;
		};
		C1DC8B3F1E59C3C73B6AC3D6 /* [CP] Check Pods Manifest.lock */ = {
			isa = PBXShellScriptBuildPhase;
			buildActionMask = 2147483647;
			files = (
			);
			inputFileListPaths = (
			);
			inputPaths = (
				"${PODS_PODFILE_DIR_PATH}/Podfile.lock",
				"${PODS_ROOT}/Manifest.lock",
			);
			name = "[CP] Check Pods Manifest.lock";
			outputFileListPaths = (
			);
			outputPaths = (
				"$(DERIVED_FILE_DIR)/Pods-The Key Discount-checkManifestLockResult.txt",
			);
			runOnlyForDeploymentPostprocessing = 0;
			shellPath = /bin/sh;
			shellScript = "diff \"${PODS_PODFILE_DIR_PATH}/Podfile.lock\" \"${PODS_ROOT}/Manifest.lock\" > /dev/null\nif [ $? != 0 ] ; then\n    # print error to STDERR\n    echo \"error: The sandbox is not in sync with the Podfile.lock. Run 'pod install' or update your CocoaPods installation.\" >&2\n    exit 1\nfi\n# This output is used by Xcode 'outputs' to avoid re-running this script phase.\necho \"SUCCESS\" > \"${SCRIPT_OUTPUT_FILE_0}\"\n";
			showEnvVarsInLog = 0;
		};
/* End PBXShellScriptBuildPhase section */

/* Begin PBXSourcesBuildPhase section */
		18EDDE1F2636F06200826E46 /* Sources */ = {
			isa = PBXSourcesBuildPhase;
			buildActionMask = 2147483647;
			files = (
				1885C7B6263963F70043E47A /* MarketViewExtension.swift in Sources */,
				1885C7BC2639640D0043E47A /* MarketPresenter.swift in Sources */,
				1885C74E263961200043E47A /* ResturantProtocols.swift in Sources */,
				184EEF19263847A400C7BAE5 /* uiviewExtension.swift in Sources */,
				1885C7DA26397C410043E47A /* sideMenuEndpoint.swift in Sources */,
				1885C7952639633D0043E47A /* HotelsProtocols.swift in Sources */,
				1885C7E626397C7E0043E47A /* sideMenuViewController.swift in Sources */,
				1885C7DD26397C4D0043E47A /* sideMenuInteractor.swift in Sources */,
				188844DD263FFD9F001F77C1 /* CellData.swift in Sources */,
				1885C79E263963650043E47A /* HotelsInteractor.swift in Sources */,
				18EDDEC126380BEA00826E46 /* ButtonExtension.swift in Sources */,
<<<<<<< HEAD
				8516F476263ED98B002DAF3E /* SignupModel.swift in Sources */,
				85457861263991FB00094BB4 /* SignupViewController.swift in Sources */,
				18EDDF032638291900826E46 /* HomeTabExtension.swift in Sources */,
				8516F449263EBCD4002DAF3E /* SignupScreenRouter.swift in Sources */,
=======
				1885C798263963480043E47A /* HotelsPresenter.swift in Sources */,
				1885C7E326397C6C0043E47A /* sideMenuViewExtension.swift in Sources */,
				1885C78F2639631B0043E47A /* HotelsViewController.swift in Sources */,
				18EDDF032638291900826E46 /* HomeTabExtension.swift in Sources */,
				1885C76C2639623E0043E47A /* BookingPresenter.swift in Sources */,
>>>>>>> 758f2affae4ed81fa4fbf1665d16da8d896d6f59
				184EEF1626383F5500C7BAE5 /* tabBarPresenter.swift in Sources */,
				18EDDE5C2636F48200826E46 /* LoginEndpoint.swift in Sources */,
				18EDDEE0263827FD00826E46 /* HomeViewController.swift in Sources */,
				1885C7EE26397E4E0043E47A /* sideMenuCell.swift in Sources */,
				1885C75D263961700043E47A /* ResturantRouter.swift in Sources */,
				18EDDE562636F46400826E46 /* LoginPresenter.swift in Sources */,
				1885C7C32639642D0043E47A /* Marketnteractor.swift in Sources */,
				1885C7512639612F0043E47A /* ResturantPresenter.swift in Sources */,
				18EDDE8E2636F8F300826E46 /* alertWithTwoButtons.swift in Sources */,
				854DF887263FFA5800712948 /* ForgetPasswordModel.swift in Sources */,
				18EDDEAB2636FBAC00826E46 /* SplashScreenEndpoint.swift in Sources */,
				854DF87E263FF9A600712948 /* ForgetPasswordScreenRouter.swift in Sources */,
				18EDDEF22638285500826E46 /* HomeRouter.swift in Sources */,
				1885C7BF2639641B0043E47A /* MarketEndpoint.swift in Sources */,
				1885C775263962660043E47A /* BookingInteractor.swift in Sources */,
				1885C7A42639637A0043E47A /* HotelsRouter.swift in Sources */,
				18082B6B263EE6BF00A80C7B /* SideMenuData.swift in Sources */,
				1885C7E026397C5A0043E47A /* sideMenuRouter.swift in Sources */,
				1885C7B2263963E70043E47A /* MarketViewController.swift in Sources */,
				18EDDE592636F47000826E46 /* LoginModel.swift in Sources */,
				1885C77E263962950043E47A /* BookingViewController.swift in Sources */,
				1885C772263962560043E47A /* BookingEndpoint.swift in Sources */,
				18EDDE502636F43F00826E46 /* LoginViewController.swift in Sources */,
				184EEF1026383EDD00C7BAE5 /* tabBarRouter.swift in Sources */,
				1885C76F263962470043E47A /* BookingModel.swift in Sources */,
				18EDDF00263828FE00826E46 /* HomeTabBarViewController.swift in Sources */,
				18EDDE532636F45100826E46 /* LoginProtocols.swift in Sources */,
				1885C754263961440043E47A /* ResturantEndpont.swift in Sources */,
				1885C7B9263964020043E47A /* MarketProtocols.swift in Sources */,
				18EDDE7D2636F70D00826E46 /* alertWithOneButton.swift in Sources */,
				854578652639922D00094BB4 /* SignupViewConrollerExtension.swift in Sources */,
				8516F48C263EE50A002DAF3E /* ForgetPasswordViewExtension.swift in Sources */,
				18EDDE742636F5EE00826E46 /* BaseViewController.swift in Sources */,
				18EDDEE92638282E00826E46 /* HomePresenter.swift in Sources */,
				854DF88D263FFABA00712948 /* ForgetPasswordScreenInteractor.swift in Sources */,
				8516F44D263EBD6A002DAF3E /* SignupProtocols.swift in Sources */,
				18EDDEC826380C8700826E46 /* Constant.swift in Sources */,
				1885C79B263963580043E47A /* HotelsEndpoint.swift in Sources */,
				18EDDEEC2638283E00826E46 /* HomeInteractor.swift in Sources */,
				18EDDE6D2636F5A700826E46 /* BasesProtocols.swift in Sources */,
				1885C792263963310043E47A /* HotelsViewExtension.swift in Sources */,
				1885C7A1263963710043E47A /* HotelsModel.swift in Sources */,
				18EDDE792636F69400826E46 /* ViewControllerExtension.swift in Sources */,
				1885C77B263962890043E47A /* BookingViewExtension.swift in Sources */,
				18EDDEBE26380AAB00826E46 /* StringExtension.swift in Sources */,
				1885C768263962310043E47A /* BookingProtocols.swift in Sources */,
				1885C7D726397C330043E47A /* sideMenuPresenter.swift in Sources */,
				18EDDEBB26380A7B00826E46 /* LabelExtension.swift in Sources */,
				854DF88A263FFA9700712948 /* ForgetPasswordScreenEndpoint.swift in Sources */,
				8516F46E263ED91E002DAF3E /* SignUpScreenEndpoint.swift in Sources */,
				18EDDE272636F06200826E46 /* AppDelegate.swift in Sources */,
				18EDDE712636F5C700826E46 /* BasePresenter.swift in Sources */,
				18EDDE292636F06200826E46 /* SceneDelegate.swift in Sources */,
				18EDDEE32638280C00826E46 /* HomeViewExtension.swift in Sources */,
<<<<<<< HEAD
				8516F450263EBD85002DAF3E /* SignupPresenter.swift in Sources */,
=======
				1885C7D426397C280043E47A /* sideMenuProtocols.swift in Sources */,
>>>>>>> 758f2affae4ed81fa4fbf1665d16da8d896d6f59
				18EDDEA82636FBA100826E46 /* SplashScreenModel.swift in Sources */,
				184EEF1326383F4B00C7BAE5 /* tabBarProtocols.swift in Sources */,
				18EDDEEF2638284A00826E46 /* HomeEndpoint.swift in Sources */,
				18EDDE982636FB5E00826E46 /* SplashScreenProtocols.swift in Sources */,
				8516F472263ED940002DAF3E /* SignUpScreenInteractor.swift in Sources */,
				18EDDEE62638282200826E46 /* HomeProtocol.swift in Sources */,
				18EDDEC526380C3800826E46 /* UiImageExtension.swift in Sources */,
				1885C74A263961110043E47A /* ResturantViewEXtension.swift in Sources */,
				18EDDE652636F4C500826E46 /* LoginViewExtension.swift in Sources */,
				1885C7C62639643A0043E47A /* MarketModel.swift in Sources */,
				18EDDE622636F49F00826E46 /* LoginRouter.swift in Sources */,
				1885C778263962720043E47A /* BookingRouter.swift in Sources */,
				18EDDEB826380A4400826E46 /* TextFiledExxtension.swift in Sources */,
				854DF87A263FF8C400712948 /* ForgetPasswordPresenter.swift in Sources */,
				18EDDE9C2636FB6900826E46 /* SplashScreenPresenter.swift in Sources */,
<<<<<<< HEAD
				854DF877263FF8A400712948 /* ForgetPasswordProtocols.swift in Sources */,
				8516F489263EE4D2002DAF3E /* ForgetPasswordViewController.swift in Sources */,
=======
				1885C75A263961660043E47A /* ResturantModel.swift in Sources */,
>>>>>>> 758f2affae4ed81fa4fbf1665d16da8d896d6f59
				18EDDEA12636FB8500826E46 /* SplashScreenViewController.swift in Sources */,
				18EDDE5F2636F49100826E46 /* LoginInteractor.swift in Sources */,
				18EDDEAE2636FBBE00826E46 /* SplashScreenInteractor.swift in Sources */,
				18EDDEB12636FBC900826E46 /* SplashScreenRouter.swift in Sources */,
				18EDDECB26380D6B00826E46 /* ColorExtension.swift in Sources */,
				1885C757263961590043E47A /* ResturantInteractor.swift in Sources */,
				1885C7C9263964450043E47A /* MarketRouter.swift in Sources */,
				1885C746263960FC0043E47A /* ResturantViewController.swift in Sources */,
			);
			runOnlyForDeploymentPostprocessing = 0;
		};
/* End PBXSourcesBuildPhase section */

/* Begin PBXVariantGroup section */
		18EDDE312636F06600826E46 /* LaunchScreen.storyboard */ = {
			isa = PBXVariantGroup;
			children = (
				18EDDE322636F06600826E46 /* Base */,
				18EDDEB52638096B00826E46 /* ar */,
			);
			name = LaunchScreen.storyboard;
			sourceTree = "<group>";
		};
		8545786C2639938700094BB4 /* Localizable.strings */ = {
			isa = PBXVariantGroup;
			children = (
				8545786B2639938700094BB4 /* en */,
				8545786E2639938D00094BB4 /* ar */,
			);
			name = Localizable.strings;
			sourceTree = "<group>";
		};
/* End PBXVariantGroup section */

/* Begin XCBuildConfiguration section */
		18EDDE352636F06600826E46 /* Debug */ = {
			isa = XCBuildConfiguration;
			buildSettings = {
				ALWAYS_SEARCH_USER_PATHS = NO;
				CLANG_ANALYZER_LOCALIZABILITY_NONLOCALIZED = YES;
				CLANG_ANALYZER_NONNULL = YES;
				CLANG_ANALYZER_NUMBER_OBJECT_CONVERSION = YES_AGGRESSIVE;
				CLANG_CXX_LANGUAGE_STANDARD = "gnu++14";
				CLANG_CXX_LIBRARY = "libc++";
				CLANG_ENABLE_MODULES = YES;
				CLANG_ENABLE_OBJC_ARC = YES;
				CLANG_ENABLE_OBJC_WEAK = YES;
				CLANG_WARN_BLOCK_CAPTURE_AUTORELEASING = YES;
				CLANG_WARN_BOOL_CONVERSION = YES;
				CLANG_WARN_COMMA = YES;
				CLANG_WARN_CONSTANT_CONVERSION = YES;
				CLANG_WARN_DEPRECATED_OBJC_IMPLEMENTATIONS = YES;
				CLANG_WARN_DIRECT_OBJC_ISA_USAGE = YES_ERROR;
				CLANG_WARN_DOCUMENTATION_COMMENTS = YES;
				CLANG_WARN_EMPTY_BODY = YES;
				CLANG_WARN_ENUM_CONVERSION = YES;
				CLANG_WARN_INFINITE_RECURSION = YES;
				CLANG_WARN_INT_CONVERSION = YES;
				CLANG_WARN_NON_LITERAL_NULL_CONVERSION = YES;
				CLANG_WARN_OBJC_IMPLICIT_RETAIN_SELF = YES;
				CLANG_WARN_OBJC_LITERAL_CONVERSION = YES;
				CLANG_WARN_OBJC_ROOT_CLASS = YES_ERROR;
				CLANG_WARN_QUOTED_INCLUDE_IN_FRAMEWORK_HEADER = YES;
				CLANG_WARN_RANGE_LOOP_ANALYSIS = YES;
				CLANG_WARN_STRICT_PROTOTYPES = YES;
				CLANG_WARN_SUSPICIOUS_MOVE = YES;
				CLANG_WARN_UNGUARDED_AVAILABILITY = YES_AGGRESSIVE;
				CLANG_WARN_UNREACHABLE_CODE = YES;
				CLANG_WARN__DUPLICATE_METHOD_MATCH = YES;
				COPY_PHASE_STRIP = NO;
				DEBUG_INFORMATION_FORMAT = dwarf;
				ENABLE_STRICT_OBJC_MSGSEND = YES;
				ENABLE_TESTABILITY = YES;
				GCC_C_LANGUAGE_STANDARD = gnu11;
				GCC_DYNAMIC_NO_PIC = NO;
				GCC_NO_COMMON_BLOCKS = YES;
				GCC_OPTIMIZATION_LEVEL = 0;
				GCC_PREPROCESSOR_DEFINITIONS = (
					"DEBUG=1",
					"$(inherited)",
				);
				GCC_WARN_64_TO_32_BIT_CONVERSION = YES;
				GCC_WARN_ABOUT_RETURN_TYPE = YES_ERROR;
				GCC_WARN_UNDECLARED_SELECTOR = YES;
				GCC_WARN_UNINITIALIZED_AUTOS = YES_AGGRESSIVE;
				GCC_WARN_UNUSED_FUNCTION = YES;
				GCC_WARN_UNUSED_VARIABLE = YES;
				IPHONEOS_DEPLOYMENT_TARGET = 14.4;
				MTL_ENABLE_DEBUG_INFO = INCLUDE_SOURCE;
				MTL_FAST_MATH = YES;
				ONLY_ACTIVE_ARCH = YES;
				SDKROOT = iphoneos;
				SWIFT_ACTIVE_COMPILATION_CONDITIONS = DEBUG;
				SWIFT_OPTIMIZATION_LEVEL = "-Onone";
			};
			name = Debug;
		};
		18EDDE362636F06600826E46 /* Release */ = {
			isa = XCBuildConfiguration;
			buildSettings = {
				ALWAYS_SEARCH_USER_PATHS = NO;
				CLANG_ANALYZER_LOCALIZABILITY_NONLOCALIZED = YES;
				CLANG_ANALYZER_NONNULL = YES;
				CLANG_ANALYZER_NUMBER_OBJECT_CONVERSION = YES_AGGRESSIVE;
				CLANG_CXX_LANGUAGE_STANDARD = "gnu++14";
				CLANG_CXX_LIBRARY = "libc++";
				CLANG_ENABLE_MODULES = YES;
				CLANG_ENABLE_OBJC_ARC = YES;
				CLANG_ENABLE_OBJC_WEAK = YES;
				CLANG_WARN_BLOCK_CAPTURE_AUTORELEASING = YES;
				CLANG_WARN_BOOL_CONVERSION = YES;
				CLANG_WARN_COMMA = YES;
				CLANG_WARN_CONSTANT_CONVERSION = YES;
				CLANG_WARN_DEPRECATED_OBJC_IMPLEMENTATIONS = YES;
				CLANG_WARN_DIRECT_OBJC_ISA_USAGE = YES_ERROR;
				CLANG_WARN_DOCUMENTATION_COMMENTS = YES;
				CLANG_WARN_EMPTY_BODY = YES;
				CLANG_WARN_ENUM_CONVERSION = YES;
				CLANG_WARN_INFINITE_RECURSION = YES;
				CLANG_WARN_INT_CONVERSION = YES;
				CLANG_WARN_NON_LITERAL_NULL_CONVERSION = YES;
				CLANG_WARN_OBJC_IMPLICIT_RETAIN_SELF = YES;
				CLANG_WARN_OBJC_LITERAL_CONVERSION = YES;
				CLANG_WARN_OBJC_ROOT_CLASS = YES_ERROR;
				CLANG_WARN_QUOTED_INCLUDE_IN_FRAMEWORK_HEADER = YES;
				CLANG_WARN_RANGE_LOOP_ANALYSIS = YES;
				CLANG_WARN_STRICT_PROTOTYPES = YES;
				CLANG_WARN_SUSPICIOUS_MOVE = YES;
				CLANG_WARN_UNGUARDED_AVAILABILITY = YES_AGGRESSIVE;
				CLANG_WARN_UNREACHABLE_CODE = YES;
				CLANG_WARN__DUPLICATE_METHOD_MATCH = YES;
				COPY_PHASE_STRIP = NO;
				DEBUG_INFORMATION_FORMAT = "dwarf-with-dsym";
				ENABLE_NS_ASSERTIONS = NO;
				ENABLE_STRICT_OBJC_MSGSEND = YES;
				GCC_C_LANGUAGE_STANDARD = gnu11;
				GCC_NO_COMMON_BLOCKS = YES;
				GCC_WARN_64_TO_32_BIT_CONVERSION = YES;
				GCC_WARN_ABOUT_RETURN_TYPE = YES_ERROR;
				GCC_WARN_UNDECLARED_SELECTOR = YES;
				GCC_WARN_UNINITIALIZED_AUTOS = YES_AGGRESSIVE;
				GCC_WARN_UNUSED_FUNCTION = YES;
				GCC_WARN_UNUSED_VARIABLE = YES;
				IPHONEOS_DEPLOYMENT_TARGET = 14.4;
				MTL_ENABLE_DEBUG_INFO = NO;
				MTL_FAST_MATH = YES;
				SDKROOT = iphoneos;
				SWIFT_COMPILATION_MODE = wholemodule;
				SWIFT_OPTIMIZATION_LEVEL = "-O";
				VALIDATE_PRODUCT = YES;
			};
			name = Release;
		};
		18EDDE382636F06600826E46 /* Debug */ = {
			isa = XCBuildConfiguration;
			baseConfigurationReference = 19463BF0A94E14821478CFEF /* Pods-The Key Discount.debug.xcconfig */;
			buildSettings = {
				ASSETCATALOG_COMPILER_APPICON_NAME = AppIcon;
				ASSETCATALOG_COMPILER_GLOBAL_ACCENT_COLOR_NAME = AccentColor;
				CODE_SIGN_STYLE = Automatic;
				CURRENT_PROJECT_VERSION = 1;
				DEVELOPMENT_TEAM = XH9RFYW5K3;
				INFOPLIST_FILE = "The Key Discount/Configuration/Info.plist";
				IPHONEOS_DEPLOYMENT_TARGET = 13.0;
				LD_RUNPATH_SEARCH_PATHS = (
					"$(inherited)",
					"@executable_path/Frameworks",
				);
				MARKETING_VERSION = 1.0.1;
				PRODUCT_BUNDLE_IDENTIFIER = "com.pixel.The-Key-Discount";
				PRODUCT_NAME = "$(TARGET_NAME)";
				SWIFT_VERSION = 5.0;
				TARGETED_DEVICE_FAMILY = 1;
			};
			name = Debug;
		};
		18EDDE392636F06600826E46 /* Release */ = {
			isa = XCBuildConfiguration;
			baseConfigurationReference = A4EACC3B8AB965E2638EE634 /* Pods-The Key Discount.release.xcconfig */;
			buildSettings = {
				ASSETCATALOG_COMPILER_APPICON_NAME = AppIcon;
				ASSETCATALOG_COMPILER_GLOBAL_ACCENT_COLOR_NAME = AccentColor;
				CODE_SIGN_STYLE = Automatic;
				CURRENT_PROJECT_VERSION = 1;
				DEVELOPMENT_TEAM = XH9RFYW5K3;
				INFOPLIST_FILE = "The Key Discount/Configuration/Info.plist";
				IPHONEOS_DEPLOYMENT_TARGET = 13.0;
				LD_RUNPATH_SEARCH_PATHS = (
					"$(inherited)",
					"@executable_path/Frameworks",
				);
				MARKETING_VERSION = 1.0.1;
				PRODUCT_BUNDLE_IDENTIFIER = "com.pixel.The-Key-Discount";
				PRODUCT_NAME = "$(TARGET_NAME)";
				SWIFT_VERSION = 5.0;
				TARGETED_DEVICE_FAMILY = 1;
			};
			name = Release;
		};
/* End XCBuildConfiguration section */

/* Begin XCConfigurationList section */
		18EDDE1E2636F06200826E46 /* Build configuration list for PBXProject "The Key Discount" */ = {
			isa = XCConfigurationList;
			buildConfigurations = (
				18EDDE352636F06600826E46 /* Debug */,
				18EDDE362636F06600826E46 /* Release */,
			);
			defaultConfigurationIsVisible = 0;
			defaultConfigurationName = Release;
		};
		18EDDE372636F06600826E46 /* Build configuration list for PBXNativeTarget "The Key Discount" */ = {
			isa = XCConfigurationList;
			buildConfigurations = (
				18EDDE382636F06600826E46 /* Debug */,
				18EDDE392636F06600826E46 /* Release */,
			);
			defaultConfigurationIsVisible = 0;
			defaultConfigurationName = Release;
		};
/* End XCConfigurationList section */
	};
	rootObject = 18EDDE1B2636F06200826E46 /* Project object */;
}
